// !$*UTF8*$!
{
	archiveVersion = 1;
	classes = {
	};
	objectVersion = 51;
	objects = {

/* Begin PBXBuildFile section */
		800557CC2425579300FE11DA /* AuthView.swift in Sources */ = {isa = PBXBuildFile; fileRef = 800557CB2425579300FE11DA /* AuthView.swift */; };
		8020C2B92410138A0097BD5E /* GradientButtonStyle.swift in Sources */ = {isa = PBXBuildFile; fileRef = 8020C2B82410138A0097BD5E /* GradientButtonStyle.swift */; };
		8020C2BD241023C00097BD5E /* CustomTextEntry.swift in Sources */ = {isa = PBXBuildFile; fileRef = 8020C2BC241023C00097BD5E /* CustomTextEntry.swift */; };
		8027849C240EC76000AFD8E8 /* AppDelegate.swift in Sources */ = {isa = PBXBuildFile; fileRef = 8027849B240EC76000AFD8E8 /* AppDelegate.swift */; };
		8027849E240EC76000AFD8E8 /* SceneDelegate.swift in Sources */ = {isa = PBXBuildFile; fileRef = 8027849D240EC76000AFD8E8 /* SceneDelegate.swift */; };
		802784A2240EC76500AFD8E8 /* Assets.xcassets in Resources */ = {isa = PBXBuildFile; fileRef = 802784A1240EC76500AFD8E8 /* Assets.xcassets */; };
		802784A5240EC76500AFD8E8 /* Preview Assets.xcassets in Resources */ = {isa = PBXBuildFile; fileRef = 802784A4240EC76500AFD8E8 /* Preview Assets.xcassets */; };
		802784A8240EC76500AFD8E8 /* LaunchScreen.storyboard in Resources */ = {isa = PBXBuildFile; fileRef = 802784A6240EC76500AFD8E8 /* LaunchScreen.storyboard */; };
		802784B3240EC76500AFD8E8 /* McGoMasTests.swift in Sources */ = {isa = PBXBuildFile; fileRef = 802784B2240EC76500AFD8E8 /* McGoMasTests.swift */; };
		802784BE240ED0F200AFD8E8 /* GoogleService-Info.plist in Resources */ = {isa = PBXBuildFile; fileRef = 802784BD240ED0F200AFD8E8 /* GoogleService-Info.plist */; };
		802784BF240ED0F200AFD8E8 /* GoogleService-Info.plist in Resources */ = {isa = PBXBuildFile; fileRef = 802784BD240ED0F200AFD8E8 /* GoogleService-Info.plist */; };
		802784C1240EE1F200AFD8E8 /* LoginView.swift in Sources */ = {isa = PBXBuildFile; fileRef = 802784C0240EE1F200AFD8E8 /* LoginView.swift */; };
		804BC0F12427A763004ED836 /* CalendarView.swift in Sources */ = {isa = PBXBuildFile; fileRef = 804BC0F02427A763004ED836 /* CalendarView.swift */; };
		804BC0F32427B89C004ED836 /* WorkoutForms.swift in Sources */ = {isa = PBXBuildFile; fileRef = 804BC0F22427B89C004ED836 /* WorkoutForms.swift */; };
		8058CE14241D27D600559552 /* SplashView.swift in Sources */ = {isa = PBXBuildFile; fileRef = 8058CE13241D27D600559552 /* SplashView.swift */; };
		808736482416A4E000DFE94E /* SignupView.swift in Sources */ = {isa = PBXBuildFile; fileRef = 808736472416A4E000DFE94E /* SignupView.swift */; };
		80A7C9D2242507B900C21FC6 /* PredictionView.swift in Sources */ = {isa = PBXBuildFile; fileRef = 80A7C9D1242507B900C21FC6 /* PredictionView.swift */; };
		80A7C9D42425095600C21FC6 /* LandingView.swift in Sources */ = {isa = PBXBuildFile; fileRef = 80A7C9D32425095600C21FC6 /* LandingView.swift */; };
		80C4846D2411727700BD7EAE /* LogoutView.swift in Sources */ = {isa = PBXBuildFile; fileRef = 80C4846C2411727700BD7EAE /* LogoutView.swift */; };
		80F7A1D924213B6400061ED0 /* AddEntryView.swift in Sources */ = {isa = PBXBuildFile; fileRef = 80F7A1D824213B6400061ED0 /* AddEntryView.swift */; };
		80F7A1DB24213F5000061ED0 /* LoggingHomeView.swift in Sources */ = {isa = PBXBuildFile; fileRef = 80F7A1DA24213F5000061ED0 /* LoggingHomeView.swift */; };
		BB33E4D1186D10D817E09DC1 /* Pods_McGoMas.framework in Frameworks */ = {isa = PBXBuildFile; fileRef = 532037967455B767F9F12BDD /* Pods_McGoMas.framework */; };
		CF37F6789CCE5C871F4AE5DC /* Pods_McGoMasTests.framework in Frameworks */ = {isa = PBXBuildFile; fileRef = 0C0C1B0490042C16437727EE /* Pods_McGoMasTests.framework */; };
/* End PBXBuildFile section */

/* Begin PBXContainerItemProxy section */
		802784AF240EC76500AFD8E8 /* PBXContainerItemProxy */ = {
			isa = PBXContainerItemProxy;
			containerPortal = 80278490240EC76000AFD8E8 /* Project object */;
			proxyType = 1;
			remoteGlobalIDString = 80278497240EC76000AFD8E8;
			remoteInfo = McGoMas;
		};
/* End PBXContainerItemProxy section */

/* Begin PBXFileReference section */
		01A083C2BADE8E3BC719F6A3 /* Pods-McGoMasTests.release.xcconfig */ = {isa = PBXFileReference; includeInIndex = 1; lastKnownFileType = text.xcconfig; name = "Pods-McGoMasTests.release.xcconfig"; path = "Target Support Files/Pods-McGoMasTests/Pods-McGoMasTests.release.xcconfig"; sourceTree = "<group>"; };
		0C0C1B0490042C16437727EE /* Pods_McGoMasTests.framework */ = {isa = PBXFileReference; explicitFileType = wrapper.framework; includeInIndex = 0; path = Pods_McGoMasTests.framework; sourceTree = BUILT_PRODUCTS_DIR; };
		532037967455B767F9F12BDD /* Pods_McGoMas.framework */ = {isa = PBXFileReference; explicitFileType = wrapper.framework; includeInIndex = 0; path = Pods_McGoMas.framework; sourceTree = BUILT_PRODUCTS_DIR; };
		800557CB2425579300FE11DA /* AuthView.swift */ = {isa = PBXFileReference; lastKnownFileType = sourcecode.swift; path = AuthView.swift; sourceTree = "<group>"; };
		8020C2B82410138A0097BD5E /* GradientButtonStyle.swift */ = {isa = PBXFileReference; lastKnownFileType = sourcecode.swift; path = GradientButtonStyle.swift; sourceTree = "<group>"; };
		8020C2BC241023C00097BD5E /* CustomTextEntry.swift */ = {isa = PBXFileReference; lastKnownFileType = sourcecode.swift; path = CustomTextEntry.swift; sourceTree = "<group>"; };
		80278498240EC76000AFD8E8 /* McGoMas.app */ = {isa = PBXFileReference; explicitFileType = wrapper.application; includeInIndex = 0; path = McGoMas.app; sourceTree = BUILT_PRODUCTS_DIR; };
		8027849B240EC76000AFD8E8 /* AppDelegate.swift */ = {isa = PBXFileReference; lastKnownFileType = sourcecode.swift; path = AppDelegate.swift; sourceTree = "<group>"; };
		8027849D240EC76000AFD8E8 /* SceneDelegate.swift */ = {isa = PBXFileReference; lastKnownFileType = sourcecode.swift; path = SceneDelegate.swift; sourceTree = "<group>"; };
		802784A1240EC76500AFD8E8 /* Assets.xcassets */ = {isa = PBXFileReference; lastKnownFileType = folder.assetcatalog; path = Assets.xcassets; sourceTree = "<group>"; };
		802784A4240EC76500AFD8E8 /* Preview Assets.xcassets */ = {isa = PBXFileReference; lastKnownFileType = folder.assetcatalog; path = "Preview Assets.xcassets"; sourceTree = "<group>"; };
		802784A7240EC76500AFD8E8 /* Base */ = {isa = PBXFileReference; lastKnownFileType = file.storyboard; name = Base; path = Base.lproj/LaunchScreen.storyboard; sourceTree = "<group>"; };
		802784A9240EC76500AFD8E8 /* Info.plist */ = {isa = PBXFileReference; lastKnownFileType = text.plist.xml; path = Info.plist; sourceTree = "<group>"; };
		802784AE240EC76500AFD8E8 /* McGoMasTests.xctest */ = {isa = PBXFileReference; explicitFileType = wrapper.cfbundle; includeInIndex = 0; path = McGoMasTests.xctest; sourceTree = BUILT_PRODUCTS_DIR; };
		802784B2240EC76500AFD8E8 /* McGoMasTests.swift */ = {isa = PBXFileReference; lastKnownFileType = sourcecode.swift; path = McGoMasTests.swift; sourceTree = "<group>"; };
		802784B4240EC76500AFD8E8 /* Info.plist */ = {isa = PBXFileReference; lastKnownFileType = text.plist.xml; path = Info.plist; sourceTree = "<group>"; };
		802784BD240ED0F200AFD8E8 /* GoogleService-Info.plist */ = {isa = PBXFileReference; fileEncoding = 4; lastKnownFileType = text.plist.xml; path = "GoogleService-Info.plist"; sourceTree = "<group>"; };
		802784C0240EE1F200AFD8E8 /* LoginView.swift */ = {isa = PBXFileReference; lastKnownFileType = sourcecode.swift; path = LoginView.swift; sourceTree = "<group>"; };
		804BC0F02427A763004ED836 /* CalendarView.swift */ = {isa = PBXFileReference; lastKnownFileType = sourcecode.swift; path = CalendarView.swift; sourceTree = "<group>"; };
		804BC0F22427B89C004ED836 /* WorkoutForms.swift */ = {isa = PBXFileReference; lastKnownFileType = sourcecode.swift; path = WorkoutForms.swift; sourceTree = "<group>"; };
		8058CE13241D27D600559552 /* SplashView.swift */ = {isa = PBXFileReference; lastKnownFileType = sourcecode.swift; path = SplashView.swift; sourceTree = "<group>"; };
		808736472416A4E000DFE94E /* SignupView.swift */ = {isa = PBXFileReference; lastKnownFileType = sourcecode.swift; path = SignupView.swift; sourceTree = "<group>"; };
		80A7C9D1242507B900C21FC6 /* PredictionView.swift */ = {isa = PBXFileReference; lastKnownFileType = sourcecode.swift; path = PredictionView.swift; sourceTree = "<group>"; };
		80A7C9D32425095600C21FC6 /* LandingView.swift */ = {isa = PBXFileReference; lastKnownFileType = sourcecode.swift; path = LandingView.swift; sourceTree = "<group>"; };
		80C4846C2411727700BD7EAE /* LogoutView.swift */ = {isa = PBXFileReference; lastKnownFileType = sourcecode.swift; path = LogoutView.swift; sourceTree = "<group>"; };
		80F7A1D824213B6400061ED0 /* AddEntryView.swift */ = {isa = PBXFileReference; lastKnownFileType = sourcecode.swift; path = AddEntryView.swift; sourceTree = "<group>"; };
		80F7A1DA24213F5000061ED0 /* LoggingHomeView.swift */ = {isa = PBXFileReference; lastKnownFileType = sourcecode.swift; path = LoggingHomeView.swift; sourceTree = "<group>"; };
		9EC3563F716A47E3524DA60F /* Pods-McGoMasTests.debug.xcconfig */ = {isa = PBXFileReference; includeInIndex = 1; lastKnownFileType = text.xcconfig; name = "Pods-McGoMasTests.debug.xcconfig"; path = "Target Support Files/Pods-McGoMasTests/Pods-McGoMasTests.debug.xcconfig"; sourceTree = "<group>"; };
		C1325CC57C7D801103A10A01 /* Pods-McGoMas.release.xcconfig */ = {isa = PBXFileReference; includeInIndex = 1; lastKnownFileType = text.xcconfig; name = "Pods-McGoMas.release.xcconfig"; path = "Target Support Files/Pods-McGoMas/Pods-McGoMas.release.xcconfig"; sourceTree = "<group>"; };
		C51FE35065A89619E58039E7 /* Pods-McGoMas.debug.xcconfig */ = {isa = PBXFileReference; includeInIndex = 1; lastKnownFileType = text.xcconfig; name = "Pods-McGoMas.debug.xcconfig"; path = "Target Support Files/Pods-McGoMas/Pods-McGoMas.debug.xcconfig"; sourceTree = "<group>"; };
/* End PBXFileReference section */

/* Begin PBXFrameworksBuildPhase section */
		80278495240EC76000AFD8E8 /* Frameworks */ = {
			isa = PBXFrameworksBuildPhase;
			buildActionMask = 2147483647;
			files = (
				BB33E4D1186D10D817E09DC1 /* Pods_McGoMas.framework in Frameworks */,
			);
			runOnlyForDeploymentPostprocessing = 0;
		};
		802784AB240EC76500AFD8E8 /* Frameworks */ = {
			isa = PBXFrameworksBuildPhase;
			buildActionMask = 2147483647;
			files = (
				CF37F6789CCE5C871F4AE5DC /* Pods_McGoMasTests.framework in Frameworks */,
			);
			runOnlyForDeploymentPostprocessing = 0;
		};
/* End PBXFrameworksBuildPhase section */

/* Begin PBXGroup section */
		591204DE2D5EDA139CD65BBF /* Pods */ = {
			isa = PBXGroup;
			children = (
				C51FE35065A89619E58039E7 /* Pods-McGoMas.debug.xcconfig */,
				C1325CC57C7D801103A10A01 /* Pods-McGoMas.release.xcconfig */,
				9EC3563F716A47E3524DA60F /* Pods-McGoMasTests.debug.xcconfig */,
				01A083C2BADE8E3BC719F6A3 /* Pods-McGoMasTests.release.xcconfig */,
			);
			path = Pods;
			sourceTree = "<group>";
		};
		8027848F240EC76000AFD8E8 = {
			isa = PBXGroup;
			children = (
				8027849A240EC76000AFD8E8 /* McGoMas */,
				802784B1240EC76500AFD8E8 /* McGoMasTests */,
				80278499240EC76000AFD8E8 /* Products */,
				591204DE2D5EDA139CD65BBF /* Pods */,
				E9D14026EF59732B083CD920 /* Frameworks */,
			);
			sourceTree = "<group>";
		};
		80278499240EC76000AFD8E8 /* Products */ = {
			isa = PBXGroup;
			children = (
				80278498240EC76000AFD8E8 /* McGoMas.app */,
				802784AE240EC76500AFD8E8 /* McGoMasTests.xctest */,
			);
			name = Products;
			sourceTree = "<group>";
		};
		8027849A240EC76000AFD8E8 /* McGoMas */ = {
			isa = PBXGroup;
			children = (
				8027849B240EC76000AFD8E8 /* AppDelegate.swift */,
				8027849D240EC76000AFD8E8 /* SceneDelegate.swift */,
				80A7C9D32425095600C21FC6 /* LandingView.swift */,
				8058CE13241D27D600559552 /* SplashView.swift */,
				804BC0EF2427A738004ED836 /* Calendar */,
				80A7C9D02425079500C21FC6 /* Traffic Prediction */,
				8058CE19241D2A2500559552 /* Authentication */,
				80F7A1D524213B3500061ED0 /* Logging */,
				802784A1240EC76500AFD8E8 /* Assets.xcassets */,
				802784A6240EC76500AFD8E8 /* LaunchScreen.storyboard */,
				802784BD240ED0F200AFD8E8 /* GoogleService-Info.plist */,
				802784A9240EC76500AFD8E8 /* Info.plist */,
				8058CE17241D29E800559552 /* Styling */,
				802784A3240EC76500AFD8E8 /* Preview Content */,
			);
			path = McGoMas;
			sourceTree = "<group>";
		};
		802784A3240EC76500AFD8E8 /* Preview Content */ = {
			isa = PBXGroup;
			children = (
				802784A4240EC76500AFD8E8 /* Preview Assets.xcassets */,
			);
			path = "Preview Content";
			sourceTree = "<group>";
		};
		802784B1240EC76500AFD8E8 /* McGoMasTests */ = {
			isa = PBXGroup;
			children = (
				802784B2240EC76500AFD8E8 /* McGoMasTests.swift */,
				802784B4240EC76500AFD8E8 /* Info.plist */,
			);
			path = McGoMasTests;
			sourceTree = "<group>";
		};
		804BC0EF2427A738004ED836 /* Calendar */ = {
			isa = PBXGroup;
			children = (
				804BC0F02427A763004ED836 /* CalendarView.swift */,
			);
			name = Calendar;
			sourceTree = "<group>";
		};
		8058CE17241D29E800559552 /* Styling */ = {
			isa = PBXGroup;
			children = (
				8020C2BC241023C00097BD5E /* CustomTextEntry.swift */,
				8020C2B82410138A0097BD5E /* GradientButtonStyle.swift */,
			);
			name = Styling;
			sourceTree = "<group>";
		};
		8058CE19241D2A2500559552 /* Authentication */ = {
			isa = PBXGroup;
			children = (
				808736472416A4E000DFE94E /* SignupView.swift */,
				80C4846C2411727700BD7EAE /* LogoutView.swift */,
				802784C0240EE1F200AFD8E8 /* LoginView.swift */,
				800557CB2425579300FE11DA /* AuthView.swift */,
			);
			name = Authentication;
			sourceTree = "<group>";
		};
		80A7C9D02425079500C21FC6 /* Traffic Prediction */ = {
			isa = PBXGroup;
			children = (
				80A7C9D1242507B900C21FC6 /* PredictionView.swift */,
			);
			name = "Traffic Prediction";
			sourceTree = "<group>";
		};
		80F7A1D524213B3500061ED0 /* Logging */ = {
			isa = PBXGroup;
			children = (
				80F7A1D824213B6400061ED0 /* AddEntryView.swift */,
				80F7A1DA24213F5000061ED0 /* LoggingHomeView.swift */,
				804BC0F22427B89C004ED836 /* WorkoutForms.swift */,
			);
			name = Logging;
			sourceTree = "<group>";
		};
		E9D14026EF59732B083CD920 /* Frameworks */ = {
			isa = PBXGroup;
			children = (
				532037967455B767F9F12BDD /* Pods_McGoMas.framework */,
				0C0C1B0490042C16437727EE /* Pods_McGoMasTests.framework */,
			);
			name = Frameworks;
			sourceTree = "<group>";
		};
/* End PBXGroup section */

/* Begin PBXNativeTarget section */
		80278497240EC76000AFD8E8 /* McGoMas */ = {
			isa = PBXNativeTarget;
			buildConfigurationList = 802784B7240EC76500AFD8E8 /* Build configuration list for PBXNativeTarget "McGoMas" */;
			buildPhases = (
				B0D0FA3D31B88046B846765C /* [CP] Check Pods Manifest.lock */,
				80278494240EC76000AFD8E8 /* Sources */,
				80278495240EC76000AFD8E8 /* Frameworks */,
				80278496240EC76000AFD8E8 /* Resources */,
				DFBB26962E2DF55A23BB977C /* [CP] Embed Pods Frameworks */,
			);
			buildRules = (
			);
			dependencies = (
			);
			name = McGoMas;
			productName = McGoMas;
			productReference = 80278498240EC76000AFD8E8 /* McGoMas.app */;
			productType = "com.apple.product-type.application";
		};
		802784AD240EC76500AFD8E8 /* McGoMasTests */ = {
			isa = PBXNativeTarget;
			buildConfigurationList = 802784BA240EC76500AFD8E8 /* Build configuration list for PBXNativeTarget "McGoMasTests" */;
			buildPhases = (
				C48D15AC2BCDAE9D3E46C3CD /* [CP] Check Pods Manifest.lock */,
				802784AA240EC76500AFD8E8 /* Sources */,
				802784AB240EC76500AFD8E8 /* Frameworks */,
				802784AC240EC76500AFD8E8 /* Resources */,
			);
			buildRules = (
			);
			dependencies = (
				802784B0240EC76500AFD8E8 /* PBXTargetDependency */,
			);
			name = McGoMasTests;
			productName = McGoMasTests;
			productReference = 802784AE240EC76500AFD8E8 /* McGoMasTests.xctest */;
			productType = "com.apple.product-type.bundle.unit-test";
		};
/* End PBXNativeTarget section */

/* Begin PBXProject section */
		80278490240EC76000AFD8E8 /* Project object */ = {
			isa = PBXProject;
			attributes = {
				LastSwiftUpdateCheck = 1130;
				LastUpgradeCheck = 1130;
				ORGANIZATIONNAME = Capstone;
				TargetAttributes = {
					80278497240EC76000AFD8E8 = {
						CreatedOnToolsVersion = 11.3.1;
					};
					802784AD240EC76500AFD8E8 = {
						CreatedOnToolsVersion = 11.3.1;
						TestTargetID = 80278497240EC76000AFD8E8;
					};
				};
			};
			buildConfigurationList = 80278493240EC76000AFD8E8 /* Build configuration list for PBXProject "McGoMas" */;
			compatibilityVersion = "Xcode 9.3";
			developmentRegion = en;
			hasScannedForEncodings = 0;
			knownRegions = (
				en,
				Base,
			);
			mainGroup = 8027848F240EC76000AFD8E8;
			productRefGroup = 80278499240EC76000AFD8E8 /* Products */;
			projectDirPath = "";
			projectRoot = "";
			targets = (
				80278497240EC76000AFD8E8 /* McGoMas */,
				802784AD240EC76500AFD8E8 /* McGoMasTests */,
			);
		};
/* End PBXProject section */

/* Begin PBXResourcesBuildPhase section */
		80278496240EC76000AFD8E8 /* Resources */ = {
			isa = PBXResourcesBuildPhase;
			buildActionMask = 2147483647;
			files = (
				802784A8240EC76500AFD8E8 /* LaunchScreen.storyboard in Resources */,
				802784BE240ED0F200AFD8E8 /* GoogleService-Info.plist in Resources */,
				802784A5240EC76500AFD8E8 /* Preview Assets.xcassets in Resources */,
				802784A2240EC76500AFD8E8 /* Assets.xcassets in Resources */,
			);
			runOnlyForDeploymentPostprocessing = 0;
		};
		802784AC240EC76500AFD8E8 /* Resources */ = {
			isa = PBXResourcesBuildPhase;
			buildActionMask = 2147483647;
			files = (
				802784BF240ED0F200AFD8E8 /* GoogleService-Info.plist in Resources */,
			);
			runOnlyForDeploymentPostprocessing = 0;
		};
/* End PBXResourcesBuildPhase section */

/* Begin PBXShellScriptBuildPhase section */
		B0D0FA3D31B88046B846765C /* [CP] Check Pods Manifest.lock */ = {
			isa = PBXShellScriptBuildPhase;
			buildActionMask = 2147483647;
			files = (
			);
			inputFileListPaths = (
			);
			inputPaths = (
				"${PODS_PODFILE_DIR_PATH}/Podfile.lock",
				"${PODS_ROOT}/Manifest.lock",
			);
			name = "[CP] Check Pods Manifest.lock";
			outputFileListPaths = (
			);
			outputPaths = (
				"$(DERIVED_FILE_DIR)/Pods-McGoMas-checkManifestLockResult.txt",
			);
			runOnlyForDeploymentPostprocessing = 0;
			shellPath = /bin/sh;
			shellScript = "diff \"${PODS_PODFILE_DIR_PATH}/Podfile.lock\" \"${PODS_ROOT}/Manifest.lock\" > /dev/null\nif [ $? != 0 ] ; then\n    # print error to STDERR\n    echo \"error: The sandbox is not in sync with the Podfile.lock. Run 'pod install' or update your CocoaPods installation.\" >&2\n    exit 1\nfi\n# This output is used by Xcode 'outputs' to avoid re-running this script phase.\necho \"SUCCESS\" > \"${SCRIPT_OUTPUT_FILE_0}\"\n";
			showEnvVarsInLog = 0;
		};
		C48D15AC2BCDAE9D3E46C3CD /* [CP] Check Pods Manifest.lock */ = {
			isa = PBXShellScriptBuildPhase;
			buildActionMask = 2147483647;
			files = (
			);
			inputFileListPaths = (
			);
			inputPaths = (
				"${PODS_PODFILE_DIR_PATH}/Podfile.lock",
				"${PODS_ROOT}/Manifest.lock",
			);
			name = "[CP] Check Pods Manifest.lock";
			outputFileListPaths = (
			);
			outputPaths = (
				"$(DERIVED_FILE_DIR)/Pods-McGoMasTests-checkManifestLockResult.txt",
			);
			runOnlyForDeploymentPostprocessing = 0;
			shellPath = /bin/sh;
			shellScript = "diff \"${PODS_PODFILE_DIR_PATH}/Podfile.lock\" \"${PODS_ROOT}/Manifest.lock\" > /dev/null\nif [ $? != 0 ] ; then\n    # print error to STDERR\n    echo \"error: The sandbox is not in sync with the Podfile.lock. Run 'pod install' or update your CocoaPods installation.\" >&2\n    exit 1\nfi\n# This output is used by Xcode 'outputs' to avoid re-running this script phase.\necho \"SUCCESS\" > \"${SCRIPT_OUTPUT_FILE_0}\"\n";
			showEnvVarsInLog = 0;
		};
		DFBB26962E2DF55A23BB977C /* [CP] Embed Pods Frameworks */ = {
			isa = PBXShellScriptBuildPhase;
			buildActionMask = 2147483647;
			files = (
			);
			inputFileListPaths = (
				"${PODS_ROOT}/Target Support Files/Pods-McGoMas/Pods-McGoMas-frameworks-${CONFIGURATION}-input-files.xcfilelist",
			);
			name = "[CP] Embed Pods Frameworks";
			outputFileListPaths = (
				"${PODS_ROOT}/Target Support Files/Pods-McGoMas/Pods-McGoMas-frameworks-${CONFIGURATION}-output-files.xcfilelist",
			);
			runOnlyForDeploymentPostprocessing = 0;
			shellPath = /bin/sh;
			shellScript = "\"${PODS_ROOT}/Target Support Files/Pods-McGoMas/Pods-McGoMas-frameworks.sh\"\n";
			showEnvVarsInLog = 0;
		};
/* End PBXShellScriptBuildPhase section */

/* Begin PBXSourcesBuildPhase section */
		80278494240EC76000AFD8E8 /* Sources */ = {
			isa = PBXSourcesBuildPhase;
			buildActionMask = 2147483647;
			files = (
				80F7A1D924213B6400061ED0 /* AddEntryView.swift in Sources */,
				804BC0F32427B89C004ED836 /* WorkoutForms.swift in Sources */,
				8027849C240EC76000AFD8E8 /* AppDelegate.swift in Sources */,
				80A7C9D2242507B900C21FC6 /* PredictionView.swift in Sources */,
				800557CC2425579300FE11DA /* AuthView.swift in Sources */,
				80A7C9D42425095600C21FC6 /* LandingView.swift in Sources */,
				80C4846D2411727700BD7EAE /* LogoutView.swift in Sources */,
				8020C2B92410138A0097BD5E /* GradientButtonStyle.swift in Sources */,
				808736482416A4E000DFE94E /* SignupView.swift in Sources */,
				804BC0F12427A763004ED836 /* CalendarView.swift in Sources */,
				80F7A1DB24213F5000061ED0 /* LoggingHomeView.swift in Sources */,
				8027849E240EC76000AFD8E8 /* SceneDelegate.swift in Sources */,
				802784C1240EE1F200AFD8E8 /* LoginView.swift in Sources */,
				8020C2BD241023C00097BD5E /* CustomTextEntry.swift in Sources */,
				8058CE14241D27D600559552 /* SplashView.swift in Sources */,
			);
			runOnlyForDeploymentPostprocessing = 0;
		};
		802784AA240EC76500AFD8E8 /* Sources */ = {
			isa = PBXSourcesBuildPhase;
			buildActionMask = 2147483647;
			files = (
				802784B3240EC76500AFD8E8 /* McGoMasTests.swift in Sources */,
			);
			runOnlyForDeploymentPostprocessing = 0;
		};
/* End PBXSourcesBuildPhase section */

/* Begin PBXTargetDependency section */
		802784B0240EC76500AFD8E8 /* PBXTargetDependency */ = {
			isa = PBXTargetDependency;
			target = 80278497240EC76000AFD8E8 /* McGoMas */;
			targetProxy = 802784AF240EC76500AFD8E8 /* PBXContainerItemProxy */;
		};
/* End PBXTargetDependency section */

/* Begin PBXVariantGroup section */
		802784A6240EC76500AFD8E8 /* LaunchScreen.storyboard */ = {
			isa = PBXVariantGroup;
			children = (
				802784A7240EC76500AFD8E8 /* Base */,
			);
			name = LaunchScreen.storyboard;
			sourceTree = "<group>";
		};
/* End PBXVariantGroup section */

/* Begin XCBuildConfiguration section */
		802784B5240EC76500AFD8E8 /* Debug */ = {
			isa = XCBuildConfiguration;
			buildSettings = {
				ALWAYS_SEARCH_USER_PATHS = NO;
				CLANG_ANALYZER_NONNULL = YES;
				CLANG_ANALYZER_NUMBER_OBJECT_CONVERSION = YES_AGGRESSIVE;
				CLANG_CXX_LANGUAGE_STANDARD = "gnu++14";
				CLANG_CXX_LIBRARY = "libc++";
				CLANG_ENABLE_MODULES = YES;
				CLANG_ENABLE_OBJC_ARC = YES;
				CLANG_ENABLE_OBJC_WEAK = YES;
				CLANG_WARN_BLOCK_CAPTURE_AUTORELEASING = YES;
				CLANG_WARN_BOOL_CONVERSION = YES;
				CLANG_WARN_COMMA = YES;
				CLANG_WARN_CONSTANT_CONVERSION = YES;
				CLANG_WARN_DEPRECATED_OBJC_IMPLEMENTATIONS = YES;
				CLANG_WARN_DIRECT_OBJC_ISA_USAGE = YES_ERROR;
				CLANG_WARN_DOCUMENTATION_COMMENTS = YES;
				CLANG_WARN_EMPTY_BODY = YES;
				CLANG_WARN_ENUM_CONVERSION = YES;
				CLANG_WARN_INFINITE_RECURSION = YES;
				CLANG_WARN_INT_CONVERSION = YES;
				CLANG_WARN_NON_LITERAL_NULL_CONVERSION = YES;
				CLANG_WARN_OBJC_IMPLICIT_RETAIN_SELF = YES;
				CLANG_WARN_OBJC_LITERAL_CONVERSION = YES;
				CLANG_WARN_OBJC_ROOT_CLASS = YES_ERROR;
				CLANG_WARN_RANGE_LOOP_ANALYSIS = YES;
				CLANG_WARN_STRICT_PROTOTYPES = YES;
				CLANG_WARN_SUSPICIOUS_MOVE = YES;
				CLANG_WARN_UNGUARDED_AVAILABILITY = YES_AGGRESSIVE;
				CLANG_WARN_UNREACHABLE_CODE = YES;
				CLANG_WARN__DUPLICATE_METHOD_MATCH = YES;
				COPY_PHASE_STRIP = NO;
				DEBUG_INFORMATION_FORMAT = dwarf;
				ENABLE_STRICT_OBJC_MSGSEND = YES;
				ENABLE_TESTABILITY = YES;
				GCC_C_LANGUAGE_STANDARD = gnu11;
				GCC_DYNAMIC_NO_PIC = NO;
				GCC_NO_COMMON_BLOCKS = YES;
				GCC_OPTIMIZATION_LEVEL = 0;
				GCC_PREPROCESSOR_DEFINITIONS = (
					"DEBUG=1",
					"$(inherited)",
				);
				GCC_WARN_64_TO_32_BIT_CONVERSION = YES;
				GCC_WARN_ABOUT_RETURN_TYPE = YES_ERROR;
				GCC_WARN_UNDECLARED_SELECTOR = YES;
				GCC_WARN_UNINITIALIZED_AUTOS = YES_AGGRESSIVE;
				GCC_WARN_UNUSED_FUNCTION = YES;
				GCC_WARN_UNUSED_VARIABLE = YES;
				IPHONEOS_DEPLOYMENT_TARGET = 13.2;
				MTL_ENABLE_DEBUG_INFO = INCLUDE_SOURCE;
				MTL_FAST_MATH = YES;
				ONLY_ACTIVE_ARCH = YES;
				SDKROOT = iphoneos;
				SWIFT_ACTIVE_COMPILATION_CONDITIONS = DEBUG;
				SWIFT_OPTIMIZATION_LEVEL = "-Onone";
			};
			name = Debug;
		};
		802784B6240EC76500AFD8E8 /* Release */ = {
			isa = XCBuildConfiguration;
			buildSettings = {
				ALWAYS_SEARCH_USER_PATHS = NO;
				CLANG_ANALYZER_NONNULL = YES;
				CLANG_ANALYZER_NUMBER_OBJECT_CONVERSION = YES_AGGRESSIVE;
				CLANG_CXX_LANGUAGE_STANDARD = "gnu++14";
				CLANG_CXX_LIBRARY = "libc++";
				CLANG_ENABLE_MODULES = YES;
				CLANG_ENABLE_OBJC_ARC = YES;
				CLANG_ENABLE_OBJC_WEAK = YES;
				CLANG_WARN_BLOCK_CAPTURE_AUTORELEASING = YES;
				CLANG_WARN_BOOL_CONVERSION = YES;
				CLANG_WARN_COMMA = YES;
				CLANG_WARN_CONSTANT_CONVERSION = YES;
				CLANG_WARN_DEPRECATED_OBJC_IMPLEMENTATIONS = YES;
				CLANG_WARN_DIRECT_OBJC_ISA_USAGE = YES_ERROR;
				CLANG_WARN_DOCUMENTATION_COMMENTS = YES;
				CLANG_WARN_EMPTY_BODY = YES;
				CLANG_WARN_ENUM_CONVERSION = YES;
				CLANG_WARN_INFINITE_RECURSION = YES;
				CLANG_WARN_INT_CONVERSION = YES;
				CLANG_WARN_NON_LITERAL_NULL_CONVERSION = YES;
				CLANG_WARN_OBJC_IMPLICIT_RETAIN_SELF = YES;
				CLANG_WARN_OBJC_LITERAL_CONVERSION = YES;
				CLANG_WARN_OBJC_ROOT_CLASS = YES_ERROR;
				CLANG_WARN_RANGE_LOOP_ANALYSIS = YES;
				CLANG_WARN_STRICT_PROTOTYPES = YES;
				CLANG_WARN_SUSPICIOUS_MOVE = YES;
				CLANG_WARN_UNGUARDED_AVAILABILITY = YES_AGGRESSIVE;
				CLANG_WARN_UNREACHABLE_CODE = YES;
				CLANG_WARN__DUPLICATE_METHOD_MATCH = YES;
				COPY_PHASE_STRIP = NO;
				DEBUG_INFORMATION_FORMAT = "dwarf-with-dsym";
				ENABLE_NS_ASSERTIONS = NO;
				ENABLE_STRICT_OBJC_MSGSEND = YES;
				GCC_C_LANGUAGE_STANDARD = gnu11;
				GCC_NO_COMMON_BLOCKS = YES;
				GCC_WARN_64_TO_32_BIT_CONVERSION = YES;
				GCC_WARN_ABOUT_RETURN_TYPE = YES_ERROR;
				GCC_WARN_UNDECLARED_SELECTOR = YES;
				GCC_WARN_UNINITIALIZED_AUTOS = YES_AGGRESSIVE;
				GCC_WARN_UNUSED_FUNCTION = YES;
				GCC_WARN_UNUSED_VARIABLE = YES;
				IPHONEOS_DEPLOYMENT_TARGET = 13.2;
				MTL_ENABLE_DEBUG_INFO = NO;
				MTL_FAST_MATH = YES;
				SDKROOT = iphoneos;
				SWIFT_COMPILATION_MODE = wholemodule;
				SWIFT_OPTIMIZATION_LEVEL = "-O";
				VALIDATE_PRODUCT = YES;
			};
			name = Release;
		};
		802784B8240EC76500AFD8E8 /* Debug */ = {
			isa = XCBuildConfiguration;
			baseConfigurationReference = C51FE35065A89619E58039E7 /* Pods-McGoMas.debug.xcconfig */;
			buildSettings = {
				ASSETCATALOG_COMPILER_APPICON_NAME = AppIcon;
				CODE_SIGN_IDENTITY = "Apple Development";
				CODE_SIGN_STYLE = Automatic;
				DEVELOPMENT_ASSET_PATHS = "\"McGoMas/Preview Content\"";
				DEVELOPMENT_TEAM = 9ARNSTX6UA;
				ENABLE_PREVIEWS = YES;
				INFOPLIST_FILE = McGoMas/Info.plist;
				LD_RUNPATH_SEARCH_PATHS = (
					"$(inherited)",
					"@executable_path/Frameworks",
				);
				PRODUCT_BUNDLE_IDENTIFIER = com.Capstone.McGoMas;
				PRODUCT_NAME = "$(TARGET_NAME)";
				PROVISIONING_PROFILE_SPECIFIER = "";
				SWIFT_VERSION = 5.0;
				TARGETED_DEVICE_FAMILY = "1,2";
			};
			name = Debug;
		};
		802784B9240EC76500AFD8E8 /* Release */ = {
			isa = XCBuildConfiguration;
			baseConfigurationReference = C1325CC57C7D801103A10A01 /* Pods-McGoMas.release.xcconfig */;
			buildSettings = {
				ASSETCATALOG_COMPILER_APPICON_NAME = AppIcon;
				CODE_SIGN_IDENTITY = "Apple Development";
				CODE_SIGN_STYLE = Automatic;
				DEVELOPMENT_ASSET_PATHS = "\"McGoMas/Preview Content\"";
				DEVELOPMENT_TEAM = 9ARNSTX6UA;
				ENABLE_PREVIEWS = YES;
				INFOPLIST_FILE = McGoMas/Info.plist;
				LD_RUNPATH_SEARCH_PATHS = (
					"$(inherited)",
					"@executable_path/Frameworks",
				);
				PRODUCT_BUNDLE_IDENTIFIER = com.Capstone.McGoMas;
				PRODUCT_NAME = "$(TARGET_NAME)";
				PROVISIONING_PROFILE_SPECIFIER = "";
				SWIFT_VERSION = 5.0;
				TARGETED_DEVICE_FAMILY = "1,2";
			};
			name = Release;
		};
		802784BB240EC76500AFD8E8 /* Debug */ = {
			isa = XCBuildConfiguration;
			baseConfigurationReference = 9EC3563F716A47E3524DA60F /* Pods-McGoMasTests.debug.xcconfig */;
			buildSettings = {
				ALWAYS_EMBED_SWIFT_STANDARD_LIBRARIES = YES;
				BUNDLE_LOADER = "$(TEST_HOST)";
				CODE_SIGN_STYLE = Automatic;
				INFOPLIST_FILE = McGoMasTests/Info.plist;
				IPHONEOS_DEPLOYMENT_TARGET = 13.2;
				LD_RUNPATH_SEARCH_PATHS = (
					"$(inherited)",
					"@executable_path/Frameworks",
					"@loader_path/Frameworks",
				);
				PRODUCT_BUNDLE_IDENTIFIER = com.Capstone.McGoMasTests;
				PRODUCT_NAME = "$(TARGET_NAME)";
				SWIFT_VERSION = 5.0;
				TARGETED_DEVICE_FAMILY = "1,2";
				TEST_HOST = "$(BUILT_PRODUCTS_DIR)/McGoMas.app/McGoMas";
			};
			name = Debug;
		};
		802784BC240EC76500AFD8E8 /* Release */ = {
			isa = XCBuildConfiguration;
			baseConfigurationReference = 01A083C2BADE8E3BC719F6A3 /* Pods-McGoMasTests.release.xcconfig */;
			buildSettings = {
				ALWAYS_EMBED_SWIFT_STANDARD_LIBRARIES = YES;
				BUNDLE_LOADER = "$(TEST_HOST)";
				CODE_SIGN_STYLE = Automatic;
				INFOPLIST_FILE = McGoMasTests/Info.plist;
				IPHONEOS_DEPLOYMENT_TARGET = 13.2;
				LD_RUNPATH_SEARCH_PATHS = (
					"$(inherited)",
					"@executable_path/Frameworks",
					"@loader_path/Frameworks",
				);
				PRODUCT_BUNDLE_IDENTIFIER = com.Capstone.McGoMasTests;
				PRODUCT_NAME = "$(TARGET_NAME)";
				SWIFT_VERSION = 5.0;
				TARGETED_DEVICE_FAMILY = "1,2";
				TEST_HOST = "$(BUILT_PRODUCTS_DIR)/McGoMas.app/McGoMas";
			};
			name = Release;
		};
/* End XCBuildConfiguration section */

/* Begin XCConfigurationList section */
		80278493240EC76000AFD8E8 /* Build configuration list for PBXProject "McGoMas" */ = {
			isa = XCConfigurationList;
			buildConfigurations = (
				802784B5240EC76500AFD8E8 /* Debug */,
				802784B6240EC76500AFD8E8 /* Release */,
			);
			defaultConfigurationIsVisible = 0;
			defaultConfigurationName = Release;
		};
		802784B7240EC76500AFD8E8 /* Build configuration list for PBXNativeTarget "McGoMas" */ = {
			isa = XCConfigurationList;
			buildConfigurations = (
				802784B8240EC76500AFD8E8 /* Debug */,
				802784B9240EC76500AFD8E8 /* Release */,
			);
			defaultConfigurationIsVisible = 0;
			defaultConfigurationName = Release;
		};
		802784BA240EC76500AFD8E8 /* Build configuration list for PBXNativeTarget "McGoMasTests" */ = {
			isa = XCConfigurationList;
			buildConfigurations = (
				802784BB240EC76500AFD8E8 /* Debug */,
				802784BC240EC76500AFD8E8 /* Release */,
			);
			defaultConfigurationIsVisible = 0;
			defaultConfigurationName = Release;
		};
/* End XCConfigurationList section */
	};
	rootObject = 80278490240EC76000AFD8E8 /* Project object */;
}
