// !$*UTF8*$!
{
	archiveVersion = 1;
	classes = {
	};
	objectVersion = 50;
	objects = {

/* Begin PBXBuildFile section */
		3E551103244E6889002450E9 /* RKDate.swift in Sources */ = {isa = PBXBuildFile; fileRef = 3E5510F5244E6889002450E9 /* RKDate.swift */; };
		3E551104244E6889002450E9 /* RKMonth.swift in Sources */ = {isa = PBXBuildFile; fileRef = 3E5510F6244E6889002450E9 /* RKMonth.swift */; };
		3E551105244E6889002450E9 /* RKColorSettings.swift in Sources */ = {isa = PBXBuildFile; fileRef = 3E5510F7244E6889002450E9 /* RKColorSettings.swift */; };
		3E551106244E6889002450E9 /* RKWeekdayHeader.swift in Sources */ = {isa = PBXBuildFile; fileRef = 3E5510F8244E6889002450E9 /* RKWeekdayHeader.swift */; };
		3E551107244E6889002450E9 /* RKCell.swift in Sources */ = {isa = PBXBuildFile; fileRef = 3E5510F9244E6889002450E9 /* RKCell.swift */; };
		3E551108244E6889002450E9 /* RKManager.swift in Sources */ = {isa = PBXBuildFile; fileRef = 3E5510FA244E6889002450E9 /* RKManager.swift */; };
		3E551109244E6889002450E9 /* RKViewController.swift in Sources */ = {isa = PBXBuildFile; fileRef = 3E5510FB244E6889002450E9 /* RKViewController.swift */; };
		3E55110C244E6990002450E9 /* CalendarModels.swift in Sources */ = {isa = PBXBuildFile; fileRef = 3E55110A244E6990002450E9 /* CalendarModels.swift */; };
		3E55110D244E6990002450E9 /* CalendarDayView.swift in Sources */ = {isa = PBXBuildFile; fileRef = 3E55110B244E6990002450E9 /* CalendarDayView.swift */; };
		54D8AFD28B113DF2FAFF59FC /* libPods-McGoMasTests.a in Frameworks */ = {isa = PBXBuildFile; fileRef = 0D31C75C3520140CF8211379 /* libPods-McGoMasTests.a */; };
		800557CC2425579300FE11DA /* AuthView.swift in Sources */ = {isa = PBXBuildFile; fileRef = 800557CB2425579300FE11DA /* AuthView.swift */; };
		801F887C243A246B0080CEA2 /* WeightListView.swift in Sources */ = {isa = PBXBuildFile; fileRef = 801F887B243A246B0080CEA2 /* WeightListView.swift */; };
		801F887E243A24880080CEA2 /* CardioListView.swift in Sources */ = {isa = PBXBuildFile; fileRef = 801F887D243A24880080CEA2 /* CardioListView.swift */; };
		8020C2B92410138A0097BD5E /* GradientButtonStyle.swift in Sources */ = {isa = PBXBuildFile; fileRef = 8020C2B82410138A0097BD5E /* GradientButtonStyle.swift */; };
		8020C2BD241023C00097BD5E /* CustomTextEntry.swift in Sources */ = {isa = PBXBuildFile; fileRef = 8020C2BC241023C00097BD5E /* CustomTextEntry.swift */; };
		8027849C240EC76000AFD8E8 /* AppDelegate.swift in Sources */ = {isa = PBXBuildFile; fileRef = 8027849B240EC76000AFD8E8 /* AppDelegate.swift */; };
		8027849E240EC76000AFD8E8 /* SceneDelegate.swift in Sources */ = {isa = PBXBuildFile; fileRef = 8027849D240EC76000AFD8E8 /* SceneDelegate.swift */; };
		802784A2240EC76500AFD8E8 /* Assets.xcassets in Resources */ = {isa = PBXBuildFile; fileRef = 802784A1240EC76500AFD8E8 /* Assets.xcassets */; };
		802784A5240EC76500AFD8E8 /* Preview Assets.xcassets in Resources */ = {isa = PBXBuildFile; fileRef = 802784A4240EC76500AFD8E8 /* Preview Assets.xcassets */; };
		802784A8240EC76500AFD8E8 /* LaunchScreen.storyboard in Resources */ = {isa = PBXBuildFile; fileRef = 802784A6240EC76500AFD8E8 /* LaunchScreen.storyboard */; };
		802784B3240EC76500AFD8E8 /* McGoMasTests.swift in Sources */ = {isa = PBXBuildFile; fileRef = 802784B2240EC76500AFD8E8 /* McGoMasTests.swift */; };
		802784BE240ED0F200AFD8E8 /* GoogleService-Info.plist in Resources */ = {isa = PBXBuildFile; fileRef = 802784BD240ED0F200AFD8E8 /* GoogleService-Info.plist */; };
		802784BF240ED0F200AFD8E8 /* GoogleService-Info.plist in Resources */ = {isa = PBXBuildFile; fileRef = 802784BD240ED0F200AFD8E8 /* GoogleService-Info.plist */; };
		802784C1240EE1F200AFD8E8 /* LoginView.swift in Sources */ = {isa = PBXBuildFile; fileRef = 802784C0240EE1F200AFD8E8 /* LoginView.swift */; };
		8028D50D24315BAF00CF050B /* NumericTextField.swift in Sources */ = {isa = PBXBuildFile; fileRef = 8028D50C24315BAF00CF050B /* NumericTextField.swift */; };
		804BC0F12427A763004ED836 /* CalendarView.swift in Sources */ = {isa = PBXBuildFile; fileRef = 804BC0F02427A763004ED836 /* CalendarView.swift */; };
		804BC0F32427B89C004ED836 /* WorkoutModels.swift in Sources */ = {isa = PBXBuildFile; fileRef = 804BC0F22427B89C004ED836 /* WorkoutModels.swift */; };
		805382C124415D5C00F989AB /* TutorialHome.swift in Sources */ = {isa = PBXBuildFile; fileRef = 805382C024415D5C00F989AB /* TutorialHome.swift */; };
		8058CE14241D27D600559552 /* SplashView.swift in Sources */ = {isa = PBXBuildFile; fileRef = 8058CE13241D27D600559552 /* SplashView.swift */; };
		807AD2AB24291FE200861B8C /* UserSession.swift in Sources */ = {isa = PBXBuildFile; fileRef = 807AD2AA24291FE200861B8C /* UserSession.swift */; };
		8083E7CB2436239200837D3F /* SetEntry.swift in Sources */ = {isa = PBXBuildFile; fileRef = 8083E7CA2436239200837D3F /* SetEntry.swift */; };
		808736482416A4E000DFE94E /* SignupView.swift in Sources */ = {isa = PBXBuildFile; fileRef = 808736472416A4E000DFE94E /* SignupView.swift */; };
		80945FC32449F88000F55562 /* TutorialData.swift in Sources */ = {isa = PBXBuildFile; fileRef = 80945FC22449F88000F55562 /* TutorialData.swift */; };
		80945FC52449FECD00F55562 /* TutorialGifPlayer.swift in Sources */ = {isa = PBXBuildFile; fileRef = 80945FC42449FECD00F55562 /* TutorialGifPlayer.swift */; };
		80A082142458FE8600330AA0 /* PredictionView.swift in Sources */ = {isa = PBXBuildFile; fileRef = 80A0820F2458FE8500330AA0 /* PredictionView.swift */; };
		80A082152458FE8600330AA0 /* Predictions.swift in Sources */ = {isa = PBXBuildFile; fileRef = 80A082102458FE8600330AA0 /* Predictions.swift */; };
		80A082162458FE8600330AA0 /* AverageWeekView.swift in Sources */ = {isa = PBXBuildFile; fileRef = 80A082112458FE8600330AA0 /* AverageWeekView.swift */; };
		80A082172458FE8600330AA0 /* PredictionDayView.swift in Sources */ = {isa = PBXBuildFile; fileRef = 80A082122458FE8600330AA0 /* PredictionDayView.swift */; };
		80A082182458FE8600330AA0 /* AverageDayView.swift in Sources */ = {isa = PBXBuildFile; fileRef = 80A082132458FE8600330AA0 /* AverageDayView.swift */; };
		80A7AED4244B4C48009D6BFF /* leg_curl.gif in Resources */ = {isa = PBXBuildFile; fileRef = 80A7AED3244B4C48009D6BFF /* leg_curl.gif */; };
		80A7AED6244B51B9009D6BFF /* leg_extension.gif in Resources */ = {isa = PBXBuildFile; fileRef = 80A7AED5244B51B9009D6BFF /* leg_extension.gif */; };
		80A7AED8244B521F009D6BFF /* deadlift.gif in Resources */ = {isa = PBXBuildFile; fileRef = 80A7AED7244B521F009D6BFF /* deadlift.gif */; };
		80A7AEDA244B53B6009D6BFF /* hanging_leg_raise.gif in Resources */ = {isa = PBXBuildFile; fileRef = 80A7AED9244B53B6009D6BFF /* hanging_leg_raise.gif */; };
		80A7AEDF244B5438009D6BFF /* lat_pull_down.gif in Resources */ = {isa = PBXBuildFile; fileRef = 80A7AEDB244B5437009D6BFF /* lat_pull_down.gif */; };
		80A7AEE0244B5438009D6BFF /* bicep_cable_press.gif in Resources */ = {isa = PBXBuildFile; fileRef = 80A7AEDC244B5437009D6BFF /* bicep_cable_press.gif */; };
		80A7AEE1244B5438009D6BFF /* leg_press.gif in Resources */ = {isa = PBXBuildFile; fileRef = 80A7AEDD244B5438009D6BFF /* leg_press.gif */; };
		80A7AEE2244B5438009D6BFF /* tricep_cable_press.gif in Resources */ = {isa = PBXBuildFile; fileRef = 80A7AEDE244B5438009D6BFF /* tricep_cable_press.gif */; };
		80A7AEE4244B555D009D6BFF /* SearchBar.swift in Sources */ = {isa = PBXBuildFile; fileRef = 80A7AEE3244B555D009D6BFF /* SearchBar.swift */; };
		80A7C9D42425095600C21FC6 /* LandingView.swift in Sources */ = {isa = PBXBuildFile; fileRef = 80A7C9D32425095600C21FC6 /* LandingView.swift */; };
		80B5F5AF2443790D00EE0D3D /* TutorialModel.swift in Sources */ = {isa = PBXBuildFile; fileRef = 80B5F5AE2443790D00EE0D3D /* TutorialModel.swift */; };
		80B67F6F244754D700650AEF /* LogGraphView.swift in Sources */ = {isa = PBXBuildFile; fileRef = 80B67F6E244754D700650AEF /* LogGraphView.swift */; };
		80C287D124524B8C00F05C96 /* LottieViewTester.swift in Sources */ = {isa = PBXBuildFile; fileRef = 80C287D024524B8C00F05C96 /* LottieViewTester.swift */; };
		80C287D324524BF700F05C96 /* load_animation.json in Resources */ = {isa = PBXBuildFile; fileRef = 80C287D224524BF700F05C96 /* load_animation.json */; };
		80C4846D2411727700BD7EAE /* LogoutView.swift in Sources */ = {isa = PBXBuildFile; fileRef = 80C4846C2411727700BD7EAE /* LogoutView.swift */; };
		80CCAFE8244FA9540028D1D6 /* Loading.swift in Sources */ = {isa = PBXBuildFile; fileRef = 80CCAFE7244FA9540028D1D6 /* Loading.swift */; };
		80CDF0DF24351BF3009EE05B /* WeightEntry.swift in Sources */ = {isa = PBXBuildFile; fileRef = 80CDF0DE24351BF3009EE05B /* WeightEntry.swift */; };
		80D937F12433909400006E8B /* CardioEntry.swift in Sources */ = {isa = PBXBuildFile; fileRef = 80D937F02433909400006E8B /* CardioEntry.swift */; };
		80DEEC8A244C901E00B72798 /* Totals.swift in Sources */ = {isa = PBXBuildFile; fileRef = 80DEEC89244C901E00B72798 /* Totals.swift */; };
		80DEEC8C244C91A600B72798 /* GridCell.swift in Sources */ = {isa = PBXBuildFile; fileRef = 80DEEC8B244C91A600B72798 /* GridCell.swift */; };
		80DEEC91244C9EBE00B72798 /* Weekly.swift in Sources */ = {isa = PBXBuildFile; fileRef = 80DEEC90244C9EBE00B72798 /* Weekly.swift */; };
		80E76F8524520A3E009052A9 /* LottieView.swift in Sources */ = {isa = PBXBuildFile; fileRef = 80E76F8424520A3E009052A9 /* LottieView.swift */; };
		80E76F8724520D72009052A9 /* dumbell.json in Resources */ = {isa = PBXBuildFile; fileRef = 80E76F8624520D72009052A9 /* dumbell.json */; };
		80EFF112244E11FC001A70E3 /* MinuteMilePicker.swift in Sources */ = {isa = PBXBuildFile; fileRef = 80EFF111244E11FC001A70E3 /* MinuteMilePicker.swift */; };
		80F7A1D924213B6400061ED0 /* AddEntryView.swift in Sources */ = {isa = PBXBuildFile; fileRef = 80F7A1D824213B6400061ED0 /* AddEntryView.swift */; };
		80F7A1DB24213F5000061ED0 /* LoggingHomeView.swift in Sources */ = {isa = PBXBuildFile; fileRef = 80F7A1DA24213F5000061ED0 /* LoggingHomeView.swift */; };
		A7D925FA5F0C880AB8F80530 /* libPods-McGoMas.a in Frameworks */ = {isa = PBXBuildFile; fileRef = DB21385ED197CE1377D6FD7F /* libPods-McGoMas.a */; };
/* End PBXBuildFile section */

/* Begin PBXContainerItemProxy section */
		802784AF240EC76500AFD8E8 /* PBXContainerItemProxy */ = {
			isa = PBXContainerItemProxy;
			containerPortal = 80278490240EC76000AFD8E8 /* Project object */;
			proxyType = 1;
			remoteGlobalIDString = 80278497240EC76000AFD8E8;
			remoteInfo = McGoMas;
		};
/* End PBXContainerItemProxy section */

/* Begin PBXFileReference section */
		0D31C75C3520140CF8211379 /* libPods-McGoMasTests.a */ = {isa = PBXFileReference; explicitFileType = archive.ar; includeInIndex = 0; path = "libPods-McGoMasTests.a"; sourceTree = BUILT_PRODUCTS_DIR; };
		2F019F15C6767B5E2997E499 /* Pods-McGoMas.debug.xcconfig */ = {isa = PBXFileReference; includeInIndex = 1; lastKnownFileType = text.xcconfig; name = "Pods-McGoMas.debug.xcconfig"; path = "Target Support Files/Pods-McGoMas/Pods-McGoMas.debug.xcconfig"; sourceTree = "<group>"; };
		3E5510F5244E6889002450E9 /* RKDate.swift */ = {isa = PBXFileReference; fileEncoding = 4; lastKnownFileType = sourcecode.swift; name = RKDate.swift; path = RKCalendar/RKDate.swift; sourceTree = "<group>"; };
		3E5510F6244E6889002450E9 /* RKMonth.swift */ = {isa = PBXFileReference; fileEncoding = 4; lastKnownFileType = sourcecode.swift; name = RKMonth.swift; path = RKCalendar/RKMonth.swift; sourceTree = "<group>"; };
		3E5510F7244E6889002450E9 /* RKColorSettings.swift */ = {isa = PBXFileReference; fileEncoding = 4; lastKnownFileType = sourcecode.swift; name = RKColorSettings.swift; path = RKCalendar/RKColorSettings.swift; sourceTree = "<group>"; };
		3E5510F8244E6889002450E9 /* RKWeekdayHeader.swift */ = {isa = PBXFileReference; fileEncoding = 4; lastKnownFileType = sourcecode.swift; name = RKWeekdayHeader.swift; path = RKCalendar/RKWeekdayHeader.swift; sourceTree = "<group>"; };
		3E5510F9244E6889002450E9 /* RKCell.swift */ = {isa = PBXFileReference; fileEncoding = 4; lastKnownFileType = sourcecode.swift; name = RKCell.swift; path = RKCalendar/RKCell.swift; sourceTree = "<group>"; };
		3E5510FA244E6889002450E9 /* RKManager.swift */ = {isa = PBXFileReference; fileEncoding = 4; lastKnownFileType = sourcecode.swift; name = RKManager.swift; path = RKCalendar/RKManager.swift; sourceTree = "<group>"; };
		3E5510FB244E6889002450E9 /* RKViewController.swift */ = {isa = PBXFileReference; fileEncoding = 4; lastKnownFileType = sourcecode.swift; name = RKViewController.swift; path = RKCalendar/RKViewController.swift; sourceTree = "<group>"; };
		3E55110A244E6990002450E9 /* CalendarModels.swift */ = {isa = PBXFileReference; fileEncoding = 4; lastKnownFileType = sourcecode.swift; path = CalendarModels.swift; sourceTree = "<group>"; };
		3E55110B244E6990002450E9 /* CalendarDayView.swift */ = {isa = PBXFileReference; fileEncoding = 4; lastKnownFileType = sourcecode.swift; path = CalendarDayView.swift; sourceTree = "<group>"; };
		800557CB2425579300FE11DA /* AuthView.swift */ = {isa = PBXFileReference; lastKnownFileType = sourcecode.swift; path = AuthView.swift; sourceTree = "<group>"; };
		801F887B243A246B0080CEA2 /* WeightListView.swift */ = {isa = PBXFileReference; lastKnownFileType = sourcecode.swift; path = WeightListView.swift; sourceTree = "<group>"; };
		801F887D243A24880080CEA2 /* CardioListView.swift */ = {isa = PBXFileReference; lastKnownFileType = sourcecode.swift; path = CardioListView.swift; sourceTree = "<group>"; };
		8020C2B82410138A0097BD5E /* GradientButtonStyle.swift */ = {isa = PBXFileReference; lastKnownFileType = sourcecode.swift; path = GradientButtonStyle.swift; sourceTree = "<group>"; };
		8020C2BC241023C00097BD5E /* CustomTextEntry.swift */ = {isa = PBXFileReference; lastKnownFileType = sourcecode.swift; path = CustomTextEntry.swift; sourceTree = "<group>"; };
		80278498240EC76000AFD8E8 /* McGoMas.app */ = {isa = PBXFileReference; explicitFileType = wrapper.application; includeInIndex = 0; path = McGoMas.app; sourceTree = BUILT_PRODUCTS_DIR; };
		8027849B240EC76000AFD8E8 /* AppDelegate.swift */ = {isa = PBXFileReference; lastKnownFileType = sourcecode.swift; path = AppDelegate.swift; sourceTree = "<group>"; };
		8027849D240EC76000AFD8E8 /* SceneDelegate.swift */ = {isa = PBXFileReference; lastKnownFileType = sourcecode.swift; path = SceneDelegate.swift; sourceTree = "<group>"; };
		802784A1240EC76500AFD8E8 /* Assets.xcassets */ = {isa = PBXFileReference; lastKnownFileType = folder.assetcatalog; path = Assets.xcassets; sourceTree = "<group>"; };
		802784A4240EC76500AFD8E8 /* Preview Assets.xcassets */ = {isa = PBXFileReference; lastKnownFileType = folder.assetcatalog; path = "Preview Assets.xcassets"; sourceTree = "<group>"; };
		802784A7240EC76500AFD8E8 /* Base */ = {isa = PBXFileReference; lastKnownFileType = file.storyboard; name = Base; path = Base.lproj/LaunchScreen.storyboard; sourceTree = "<group>"; };
		802784A9240EC76500AFD8E8 /* Info.plist */ = {isa = PBXFileReference; lastKnownFileType = text.plist.xml; path = Info.plist; sourceTree = "<group>"; };
		802784AE240EC76500AFD8E8 /* McGoMasTests.xctest */ = {isa = PBXFileReference; explicitFileType = wrapper.cfbundle; includeInIndex = 0; path = McGoMasTests.xctest; sourceTree = BUILT_PRODUCTS_DIR; };
		802784B2240EC76500AFD8E8 /* McGoMasTests.swift */ = {isa = PBXFileReference; lastKnownFileType = sourcecode.swift; path = McGoMasTests.swift; sourceTree = "<group>"; };
		802784B4240EC76500AFD8E8 /* Info.plist */ = {isa = PBXFileReference; lastKnownFileType = text.plist.xml; path = Info.plist; sourceTree = "<group>"; };
		802784BD240ED0F200AFD8E8 /* GoogleService-Info.plist */ = {isa = PBXFileReference; fileEncoding = 4; lastKnownFileType = text.plist.xml; path = "GoogleService-Info.plist"; sourceTree = "<group>"; };
		802784C0240EE1F200AFD8E8 /* LoginView.swift */ = {isa = PBXFileReference; lastKnownFileType = sourcecode.swift; path = LoginView.swift; sourceTree = "<group>"; };
		8028D50C24315BAF00CF050B /* NumericTextField.swift */ = {isa = PBXFileReference; lastKnownFileType = sourcecode.swift; path = NumericTextField.swift; sourceTree = "<group>"; };
		804BC0F02427A763004ED836 /* CalendarView.swift */ = {isa = PBXFileReference; lastKnownFileType = sourcecode.swift; path = CalendarView.swift; sourceTree = "<group>"; };
		804BC0F22427B89C004ED836 /* WorkoutModels.swift */ = {isa = PBXFileReference; lastKnownFileType = sourcecode.swift; path = WorkoutModels.swift; sourceTree = "<group>"; };
		805382C024415D5C00F989AB /* TutorialHome.swift */ = {isa = PBXFileReference; lastKnownFileType = sourcecode.swift; path = TutorialHome.swift; sourceTree = "<group>"; };
		8058CE13241D27D600559552 /* SplashView.swift */ = {isa = PBXFileReference; lastKnownFileType = sourcecode.swift; path = SplashView.swift; sourceTree = "<group>"; };
		807AD2AA24291FE200861B8C /* UserSession.swift */ = {isa = PBXFileReference; lastKnownFileType = sourcecode.swift; path = UserSession.swift; sourceTree = "<group>"; };
		8083E7CA2436239200837D3F /* SetEntry.swift */ = {isa = PBXFileReference; lastKnownFileType = sourcecode.swift; path = SetEntry.swift; sourceTree = "<group>"; };
		808736472416A4E000DFE94E /* SignupView.swift */ = {isa = PBXFileReference; lastKnownFileType = sourcecode.swift; path = SignupView.swift; sourceTree = "<group>"; };
		80945FC22449F88000F55562 /* TutorialData.swift */ = {isa = PBXFileReference; lastKnownFileType = sourcecode.swift; path = TutorialData.swift; sourceTree = "<group>"; };
		80945FC42449FECD00F55562 /* TutorialGifPlayer.swift */ = {isa = PBXFileReference; lastKnownFileType = sourcecode.swift; path = TutorialGifPlayer.swift; sourceTree = "<group>"; };
		80A0820F2458FE8500330AA0 /* PredictionView.swift */ = {isa = PBXFileReference; fileEncoding = 4; lastKnownFileType = sourcecode.swift; name = PredictionView.swift; path = ../../PredictionView.swift; sourceTree = "<group>"; };
		80A082102458FE8600330AA0 /* Predictions.swift */ = {isa = PBXFileReference; fileEncoding = 4; lastKnownFileType = sourcecode.swift; name = Predictions.swift; path = ../../Predictions.swift; sourceTree = "<group>"; };
		80A082112458FE8600330AA0 /* AverageWeekView.swift */ = {isa = PBXFileReference; fileEncoding = 4; lastKnownFileType = sourcecode.swift; name = AverageWeekView.swift; path = ../../AverageWeekView.swift; sourceTree = "<group>"; };
		80A082122458FE8600330AA0 /* PredictionDayView.swift */ = {isa = PBXFileReference; fileEncoding = 4; lastKnownFileType = sourcecode.swift; name = PredictionDayView.swift; path = ../../PredictionDayView.swift; sourceTree = "<group>"; };
		80A082132458FE8600330AA0 /* AverageDayView.swift */ = {isa = PBXFileReference; fileEncoding = 4; lastKnownFileType = sourcecode.swift; name = AverageDayView.swift; path = ../../AverageDayView.swift; sourceTree = "<group>"; };
		80A7AED3244B4C48009D6BFF /* leg_curl.gif */ = {isa = PBXFileReference; lastKnownFileType = image.gif; path = leg_curl.gif; sourceTree = "<group>"; };
		80A7AED5244B51B9009D6BFF /* leg_extension.gif */ = {isa = PBXFileReference; lastKnownFileType = image.gif; path = leg_extension.gif; sourceTree = "<group>"; };
		80A7AED7244B521F009D6BFF /* deadlift.gif */ = {isa = PBXFileReference; lastKnownFileType = image.gif; path = deadlift.gif; sourceTree = "<group>"; };
		80A7AED9244B53B6009D6BFF /* hanging_leg_raise.gif */ = {isa = PBXFileReference; lastKnownFileType = image.gif; path = hanging_leg_raise.gif; sourceTree = "<group>"; };
		80A7AEDB244B5437009D6BFF /* lat_pull_down.gif */ = {isa = PBXFileReference; lastKnownFileType = image.gif; path = lat_pull_down.gif; sourceTree = "<group>"; };
		80A7AEDC244B5437009D6BFF /* bicep_cable_press.gif */ = {isa = PBXFileReference; lastKnownFileType = image.gif; path = bicep_cable_press.gif; sourceTree = "<group>"; };
		80A7AEDD244B5438009D6BFF /* leg_press.gif */ = {isa = PBXFileReference; lastKnownFileType = image.gif; path = leg_press.gif; sourceTree = "<group>"; };
		80A7AEDE244B5438009D6BFF /* tricep_cable_press.gif */ = {isa = PBXFileReference; lastKnownFileType = image.gif; path = tricep_cable_press.gif; sourceTree = "<group>"; };
		80A7AEE3244B555D009D6BFF /* SearchBar.swift */ = {isa = PBXFileReference; lastKnownFileType = sourcecode.swift; path = SearchBar.swift; sourceTree = "<group>"; };
		80A7C9D32425095600C21FC6 /* LandingView.swift */ = {isa = PBXFileReference; lastKnownFileType = sourcecode.swift; path = LandingView.swift; sourceTree = "<group>"; };
		80B5F5AE2443790D00EE0D3D /* TutorialModel.swift */ = {isa = PBXFileReference; lastKnownFileType = sourcecode.swift; path = TutorialModel.swift; sourceTree = "<group>"; };
		80B67F6E244754D700650AEF /* LogGraphView.swift */ = {isa = PBXFileReference; lastKnownFileType = sourcecode.swift; path = LogGraphView.swift; sourceTree = "<group>"; };
		80C287D024524B8C00F05C96 /* LottieViewTester.swift */ = {isa = PBXFileReference; lastKnownFileType = sourcecode.swift; path = LottieViewTester.swift; sourceTree = "<group>"; };
		80C287D224524BF700F05C96 /* load_animation.json */ = {isa = PBXFileReference; fileEncoding = 4; lastKnownFileType = text.json; path = load_animation.json; sourceTree = "<group>"; };
		80C4846C2411727700BD7EAE /* LogoutView.swift */ = {isa = PBXFileReference; lastKnownFileType = sourcecode.swift; path = LogoutView.swift; sourceTree = "<group>"; };
		80CCAFE7244FA9540028D1D6 /* Loading.swift */ = {isa = PBXFileReference; lastKnownFileType = sourcecode.swift; path = Loading.swift; sourceTree = "<group>"; };
		80CDF0DE24351BF3009EE05B /* WeightEntry.swift */ = {isa = PBXFileReference; lastKnownFileType = sourcecode.swift; path = WeightEntry.swift; sourceTree = "<group>"; };
		80D937F02433909400006E8B /* CardioEntry.swift */ = {isa = PBXFileReference; lastKnownFileType = sourcecode.swift; path = CardioEntry.swift; sourceTree = "<group>"; };
		80DEEC89244C901E00B72798 /* Totals.swift */ = {isa = PBXFileReference; lastKnownFileType = sourcecode.swift; path = Totals.swift; sourceTree = "<group>"; };
		80DEEC8B244C91A600B72798 /* GridCell.swift */ = {isa = PBXFileReference; lastKnownFileType = sourcecode.swift; path = GridCell.swift; sourceTree = "<group>"; };
		80DEEC90244C9EBE00B72798 /* Weekly.swift */ = {isa = PBXFileReference; lastKnownFileType = sourcecode.swift; path = Weekly.swift; sourceTree = "<group>"; };
		80E76F8424520A3E009052A9 /* LottieView.swift */ = {isa = PBXFileReference; lastKnownFileType = sourcecode.swift; path = LottieView.swift; sourceTree = "<group>"; };
		80E76F8624520D72009052A9 /* dumbell.json */ = {isa = PBXFileReference; fileEncoding = 4; lastKnownFileType = text.json; path = dumbell.json; sourceTree = "<group>"; };
		80EFF111244E11FC001A70E3 /* MinuteMilePicker.swift */ = {isa = PBXFileReference; lastKnownFileType = sourcecode.swift; path = MinuteMilePicker.swift; sourceTree = "<group>"; };
		80F7A1D824213B6400061ED0 /* AddEntryView.swift */ = {isa = PBXFileReference; lastKnownFileType = sourcecode.swift; path = AddEntryView.swift; sourceTree = "<group>"; };
		80F7A1DA24213F5000061ED0 /* LoggingHomeView.swift */ = {isa = PBXFileReference; lastKnownFileType = sourcecode.swift; path = LoggingHomeView.swift; sourceTree = "<group>"; };
		877F52B397EBBC911D27422B /* Pods-McGoMasTests.debug.xcconfig */ = {isa = PBXFileReference; includeInIndex = 1; lastKnownFileType = text.xcconfig; name = "Pods-McGoMasTests.debug.xcconfig"; path = "Target Support Files/Pods-McGoMasTests/Pods-McGoMasTests.debug.xcconfig"; sourceTree = "<group>"; };
		B7FFB1F9BC288D28CC0ED896 /* Pods-McGoMasTests.release.xcconfig */ = {isa = PBXFileReference; includeInIndex = 1; lastKnownFileType = text.xcconfig; name = "Pods-McGoMasTests.release.xcconfig"; path = "Target Support Files/Pods-McGoMasTests/Pods-McGoMasTests.release.xcconfig"; sourceTree = "<group>"; };
		DB21385ED197CE1377D6FD7F /* libPods-McGoMas.a */ = {isa = PBXFileReference; explicitFileType = archive.ar; includeInIndex = 0; path = "libPods-McGoMas.a"; sourceTree = BUILT_PRODUCTS_DIR; };
		F4297244A20D28E58E1DE2AF /* Pods-McGoMas.release.xcconfig */ = {isa = PBXFileReference; includeInIndex = 1; lastKnownFileType = text.xcconfig; name = "Pods-McGoMas.release.xcconfig"; path = "Target Support Files/Pods-McGoMas/Pods-McGoMas.release.xcconfig"; sourceTree = "<group>"; };
/* End PBXFileReference section */

/* Begin PBXFrameworksBuildPhase section */
		80278495240EC76000AFD8E8 /* Frameworks */ = {
			isa = PBXFrameworksBuildPhase;
			buildActionMask = 2147483647;
			files = (
				A7D925FA5F0C880AB8F80530 /* libPods-McGoMas.a in Frameworks */,
			);
			runOnlyForDeploymentPostprocessing = 0;
		};
		802784AB240EC76500AFD8E8 /* Frameworks */ = {
			isa = PBXFrameworksBuildPhase;
			buildActionMask = 2147483647;
			files = (
				54D8AFD28B113DF2FAFF59FC /* libPods-McGoMasTests.a in Frameworks */,
			);
			runOnlyForDeploymentPostprocessing = 0;
		};
/* End PBXFrameworksBuildPhase section */

/* Begin PBXGroup section */
		3E5510EC244E685D002450E9 /* RKCalendar */ = {
			isa = PBXGroup;
			children = (
				3E5510F9244E6889002450E9 /* RKCell.swift */,
				3E5510F7244E6889002450E9 /* RKColorSettings.swift */,
				3E5510F5244E6889002450E9 /* RKDate.swift */,
				3E5510FA244E6889002450E9 /* RKManager.swift */,
				3E5510F6244E6889002450E9 /* RKMonth.swift */,
				3E5510FB244E6889002450E9 /* RKViewController.swift */,
				3E5510F8244E6889002450E9 /* RKWeekdayHeader.swift */,
			);
			name = RKCalendar;
			sourceTree = "<group>";
		};
		591204DE2D5EDA139CD65BBF /* Pods */ = {
			isa = PBXGroup;
			children = (
				2F019F15C6767B5E2997E499 /* Pods-McGoMas.debug.xcconfig */,
				F4297244A20D28E58E1DE2AF /* Pods-McGoMas.release.xcconfig */,
				877F52B397EBBC911D27422B /* Pods-McGoMasTests.debug.xcconfig */,
				B7FFB1F9BC288D28CC0ED896 /* Pods-McGoMasTests.release.xcconfig */,
			);
			path = Pods;
			sourceTree = "<group>";
		};
		5B28864D0407B11B08233554 /* Frameworks */ = {
			isa = PBXGroup;
			children = (
				DB21385ED197CE1377D6FD7F /* libPods-McGoMas.a */,
				0D31C75C3520140CF8211379 /* libPods-McGoMasTests.a */,
			);
			name = Frameworks;
			sourceTree = "<group>";
		};
		8027848F240EC76000AFD8E8 = {
			isa = PBXGroup;
			children = (
				8027849A240EC76000AFD8E8 /* McGoMas */,
				802784B1240EC76500AFD8E8 /* McGoMasTests */,
				80278499240EC76000AFD8E8 /* Products */,
				591204DE2D5EDA139CD65BBF /* Pods */,
				5B28864D0407B11B08233554 /* Frameworks */,
			);
			sourceTree = "<group>";
		};
		80278499240EC76000AFD8E8 /* Products */ = {
			isa = PBXGroup;
			children = (
				80278498240EC76000AFD8E8 /* McGoMas.app */,
				802784AE240EC76500AFD8E8 /* McGoMasTests.xctest */,
			);
			name = Products;
			sourceTree = "<group>";
		};
		8027849A240EC76000AFD8E8 /* McGoMas */ = {
			isa = PBXGroup;
			children = (
				8027849B240EC76000AFD8E8 /* AppDelegate.swift */,
				8027849D240EC76000AFD8E8 /* SceneDelegate.swift */,
				80A7C9D32425095600C21FC6 /* LandingView.swift */,
				8058CE13241D27D600559552 /* SplashView.swift */,
				807AD2AA24291FE200861B8C /* UserSession.swift */,
				804BC0EF2427A738004ED836 /* Calendar */,
				80A7C9D02425079500C21FC6 /* Traffic Prediction */,
				805382BF24415D4400F989AB /* Tutorials */,
				8058CE19241D2A2500559552 /* Authentication */,
				80F7A1D524213B3500061ED0 /* Logging */,
				802784A1240EC76500AFD8E8 /* Assets.xcassets */,
				802784A6240EC76500AFD8E8 /* LaunchScreen.storyboard */,
				802784BD240ED0F200AFD8E8 /* GoogleService-Info.plist */,
				802784A9240EC76500AFD8E8 /* Info.plist */,
				8058CE17241D29E800559552 /* Styling */,
				802784A3240EC76500AFD8E8 /* Preview Content */,
			);
			path = McGoMas;
			sourceTree = "<group>";
		};
		802784A3240EC76500AFD8E8 /* Preview Content */ = {
			isa = PBXGroup;
			children = (
				802784A4240EC76500AFD8E8 /* Preview Assets.xcassets */,
			);
			path = "Preview Content";
			sourceTree = "<group>";
		};
		802784B1240EC76500AFD8E8 /* McGoMasTests */ = {
			isa = PBXGroup;
			children = (
				802784B2240EC76500AFD8E8 /* McGoMasTests.swift */,
				802784B4240EC76500AFD8E8 /* Info.plist */,
			);
			path = McGoMasTests;
			sourceTree = "<group>";
		};
		804BC0EF2427A738004ED836 /* Calendar */ = {
			isa = PBXGroup;
			children = (
				3E55110B244E6990002450E9 /* CalendarDayView.swift */,
				3E55110A244E6990002450E9 /* CalendarModels.swift */,
				3E5510EC244E685D002450E9 /* RKCalendar */,
				804BC0F02427A763004ED836 /* CalendarView.swift */,
			);
			name = Calendar;
			sourceTree = "<group>";
		};
		805382BF24415D4400F989AB /* Tutorials */ = {
			isa = PBXGroup;
			children = (
				80A7AED2244B4C3E009D6BFF /* Local Gifs */,
				805382C024415D5C00F989AB /* TutorialHome.swift */,
				80945FC42449FECD00F55562 /* TutorialGifPlayer.swift */,
				80B5F5AE2443790D00EE0D3D /* TutorialModel.swift */,
				80945FC22449F88000F55562 /* TutorialData.swift */,
				80A7AEE3244B555D009D6BFF /* SearchBar.swift */,
			);
			path = Tutorials;
			sourceTree = "<group>";
		};
		805382C22441FEE200F989AB /* Weight Logging */ = {
			isa = PBXGroup;
			children = (
				801F887B243A246B0080CEA2 /* WeightListView.swift */,
				80CDF0DE24351BF3009EE05B /* WeightEntry.swift */,
				8083E7CA2436239200837D3F /* SetEntry.swift */,
			);
			name = "Weight Logging";
			sourceTree = "<group>";
		};
		805382C32441FF0C00F989AB /* Cardio Logging */ = {
			isa = PBXGroup;
			children = (
				801F887D243A24880080CEA2 /* CardioListView.swift */,
				80D937F02433909400006E8B /* CardioEntry.swift */,
			);
			path = "Cardio Logging";
			sourceTree = "<group>";
		};
		8058CE17241D29E800559552 /* Styling */ = {
			isa = PBXGroup;
			children = (
				8020C2BC241023C00097BD5E /* CustomTextEntry.swift */,
				8020C2B82410138A0097BD5E /* GradientButtonStyle.swift */,
				8028D50C24315BAF00CF050B /* NumericTextField.swift */,
				80E76F8424520A3E009052A9 /* LottieView.swift */,
				80ABF23924526E57008AEA9E /* Testing */,
			);
			name = Styling;
			sourceTree = "<group>";
		};
		8058CE19241D2A2500559552 /* Authentication */ = {
			isa = PBXGroup;
			children = (
				808736472416A4E000DFE94E /* SignupView.swift */,
				80C4846C2411727700BD7EAE /* LogoutView.swift */,
				802784C0240EE1F200AFD8E8 /* LoginView.swift */,
				800557CB2425579300FE11DA /* AuthView.swift */,
			);
			name = Authentication;
			sourceTree = "<group>";
		};
		80A7AED2244B4C3E009D6BFF /* Local Gifs */ = {
			isa = PBXGroup;
			children = (
				80A7AED7244B521F009D6BFF /* deadlift.gif */,
				80A7AED9244B53B6009D6BFF /* hanging_leg_raise.gif */,
				80A7AED5244B51B9009D6BFF /* leg_extension.gif */,
				80A7AEDC244B5437009D6BFF /* bicep_cable_press.gif */,
				80A7AEDB244B5437009D6BFF /* lat_pull_down.gif */,
				80A7AEDD244B5438009D6BFF /* leg_press.gif */,
				80A7AEDE244B5438009D6BFF /* tricep_cable_press.gif */,
				80A7AED3244B4C48009D6BFF /* leg_curl.gif */,
			);
			path = "Local Gifs";
			sourceTree = "<group>";
		};
		80A7C9D02425079500C21FC6 /* Traffic Prediction */ = {
			isa = PBXGroup;
			children = (
				80A082132458FE8600330AA0 /* AverageDayView.swift */,
				80A082112458FE8600330AA0 /* AverageWeekView.swift */,
				80A082122458FE8600330AA0 /* PredictionDayView.swift */,
				80A082102458FE8600330AA0 /* Predictions.swift */,
				80A0820F2458FE8500330AA0 /* PredictionView.swift */,
			);
			name = "Traffic Prediction";
			sourceTree = "<group>";
		};
		80ABF23924526E57008AEA9E /* Testing */ = {
			isa = PBXGroup;
			children = (
				80C287D224524BF700F05C96 /* load_animation.json */,
				80C287D024524B8C00F05C96 /* LottieViewTester.swift */,
			);
			path = Testing;
			sourceTree = "<group>";
		};
		80DEEC88244C8FFD00B72798 /* Trends */ = {
			isa = PBXGroup;
			children = (
				80B67F6E244754D700650AEF /* LogGraphView.swift */,
				80DEEC90244C9EBE00B72798 /* Weekly.swift */,
				80DEEC8B244C91A600B72798 /* GridCell.swift */,
				80DEEC89244C901E00B72798 /* Totals.swift */,
				80EFF111244E11FC001A70E3 /* MinuteMilePicker.swift */,
			);
			path = Trends;
			sourceTree = "<group>";
		};
		80F7A1D524213B3500061ED0 /* Logging */ = {
			isa = PBXGroup;
			children = (
				805382C32441FF0C00F989AB /* Cardio Logging */,
				805382C22441FEE200F989AB /* Weight Logging */,
				80F7A1DA24213F5000061ED0 /* LoggingHomeView.swift */,
				80F7A1D824213B6400061ED0 /* AddEntryView.swift */,
				80CCAFE7244FA9540028D1D6 /* Loading.swift */,
				80E76F8624520D72009052A9 /* dumbell.json */,
				804BC0F22427B89C004ED836 /* WorkoutModels.swift */,
				80DEEC88244C8FFD00B72798 /* Trends */,
			);
			name = Logging;
			sourceTree = "<group>";
		};
/* End PBXGroup section */

/* Begin PBXNativeTarget section */
		80278497240EC76000AFD8E8 /* McGoMas */ = {
			isa = PBXNativeTarget;
			buildConfigurationList = 802784B7240EC76500AFD8E8 /* Build configuration list for PBXNativeTarget "McGoMas" */;
			buildPhases = (
				E61EFAC9C83A0715B4F7D6CB /* [CP] Check Pods Manifest.lock */,
				80278494240EC76000AFD8E8 /* Sources */,
				80278495240EC76000AFD8E8 /* Frameworks */,
				80278496240EC76000AFD8E8 /* Resources */,
			);
			buildRules = (
			);
			dependencies = (
			);
			name = McGoMas;
			productName = McGoMas;
			productReference = 80278498240EC76000AFD8E8 /* McGoMas.app */;
			productType = "com.apple.product-type.application";
		};
		802784AD240EC76500AFD8E8 /* McGoMasTests */ = {
			isa = PBXNativeTarget;
			buildConfigurationList = 802784BA240EC76500AFD8E8 /* Build configuration list for PBXNativeTarget "McGoMasTests" */;
			buildPhases = (
				EAC2E364F934199FCE89B2B6 /* [CP] Check Pods Manifest.lock */,
				802784AA240EC76500AFD8E8 /* Sources */,
				802784AB240EC76500AFD8E8 /* Frameworks */,
				802784AC240EC76500AFD8E8 /* Resources */,
			);
			buildRules = (
			);
			dependencies = (
				802784B0240EC76500AFD8E8 /* PBXTargetDependency */,
			);
			name = McGoMasTests;
			productName = McGoMasTests;
			productReference = 802784AE240EC76500AFD8E8 /* McGoMasTests.xctest */;
			productType = "com.apple.product-type.bundle.unit-test";
		};
/* End PBXNativeTarget section */

/* Begin PBXProject section */
		80278490240EC76000AFD8E8 /* Project object */ = {
			isa = PBXProject;
			attributes = {
				LastSwiftUpdateCheck = 1130;
				LastUpgradeCheck = 1130;
				ORGANIZATIONNAME = Capstone;
				TargetAttributes = {
					80278497240EC76000AFD8E8 = {
						CreatedOnToolsVersion = 11.3.1;
					};
					802784AD240EC76500AFD8E8 = {
						CreatedOnToolsVersion = 11.3.1;
						TestTargetID = 80278497240EC76000AFD8E8;
					};
				};
			};
			buildConfigurationList = 80278493240EC76000AFD8E8 /* Build configuration list for PBXProject "McGoMas" */;
			compatibilityVersion = "Xcode 9.3";
			developmentRegion = en;
			hasScannedForEncodings = 0;
			knownRegions = (
				en,
				Base,
			);
			mainGroup = 8027848F240EC76000AFD8E8;
			productRefGroup = 80278499240EC76000AFD8E8 /* Products */;
			projectDirPath = "";
			projectRoot = "";
			targets = (
				80278497240EC76000AFD8E8 /* McGoMas */,
				802784AD240EC76500AFD8E8 /* McGoMasTests */,
			);
		};
/* End PBXProject section */

/* Begin PBXResourcesBuildPhase section */
		80278496240EC76000AFD8E8 /* Resources */ = {
			isa = PBXResourcesBuildPhase;
			buildActionMask = 2147483647;
			files = (
				80A7AEE0244B5438009D6BFF /* bicep_cable_press.gif in Resources */,
				802784A8240EC76500AFD8E8 /* LaunchScreen.storyboard in Resources */,
				80A7AED4244B4C48009D6BFF /* leg_curl.gif in Resources */,
				80A7AEE1244B5438009D6BFF /* leg_press.gif in Resources */,
				802784BE240ED0F200AFD8E8 /* GoogleService-Info.plist in Resources */,
				80A7AED6244B51B9009D6BFF /* leg_extension.gif in Resources */,
				802784A5240EC76500AFD8E8 /* Preview Assets.xcassets in Resources */,
				80A7AEE2244B5438009D6BFF /* tricep_cable_press.gif in Resources */,
				80C287D324524BF700F05C96 /* load_animation.json in Resources */,
				802784A2240EC76500AFD8E8 /* Assets.xcassets in Resources */,
				80A7AED8244B521F009D6BFF /* deadlift.gif in Resources */,
				80E76F8724520D72009052A9 /* dumbell.json in Resources */,
				80A7AEDA244B53B6009D6BFF /* hanging_leg_raise.gif in Resources */,
				80A7AEDF244B5438009D6BFF /* lat_pull_down.gif in Resources */,
			);
			runOnlyForDeploymentPostprocessing = 0;
		};
		802784AC240EC76500AFD8E8 /* Resources */ = {
			isa = PBXResourcesBuildPhase;
			buildActionMask = 2147483647;
			files = (
				802784BF240ED0F200AFD8E8 /* GoogleService-Info.plist in Resources */,
			);
			runOnlyForDeploymentPostprocessing = 0;
		};
/* End PBXResourcesBuildPhase section */

/* Begin PBXShellScriptBuildPhase section */
		E61EFAC9C83A0715B4F7D6CB /* [CP] Check Pods Manifest.lock */ = {
			isa = PBXShellScriptBuildPhase;
			buildActionMask = 2147483647;
			files = (
			);
			inputFileListPaths = (
			);
			inputPaths = (
				"${PODS_PODFILE_DIR_PATH}/Podfile.lock",
				"${PODS_ROOT}/Manifest.lock",
			);
			name = "[CP] Check Pods Manifest.lock";
			outputFileListPaths = (
			);
			outputPaths = (
				"$(DERIVED_FILE_DIR)/Pods-McGoMas-checkManifestLockResult.txt",
			);
			runOnlyForDeploymentPostprocessing = 0;
			shellPath = /bin/sh;
			shellScript = "diff \"${PODS_PODFILE_DIR_PATH}/Podfile.lock\" \"${PODS_ROOT}/Manifest.lock\" > /dev/null\nif [ $? != 0 ] ; then\n    # print error to STDERR\n    echo \"error: The sandbox is not in sync with the Podfile.lock. Run 'pod install' or update your CocoaPods installation.\" >&2\n    exit 1\nfi\n# This output is used by Xcode 'outputs' to avoid re-running this script phase.\necho \"SUCCESS\" > \"${SCRIPT_OUTPUT_FILE_0}\"\n";
			showEnvVarsInLog = 0;
		};
		EAC2E364F934199FCE89B2B6 /* [CP] Check Pods Manifest.lock */ = {
			isa = PBXShellScriptBuildPhase;
			buildActionMask = 2147483647;
			files = (
			);
			inputFileListPaths = (
			);
			inputPaths = (
				"${PODS_PODFILE_DIR_PATH}/Podfile.lock",
				"${PODS_ROOT}/Manifest.lock",
			);
			name = "[CP] Check Pods Manifest.lock";
			outputFileListPaths = (
			);
			outputPaths = (
				"$(DERIVED_FILE_DIR)/Pods-McGoMasTests-checkManifestLockResult.txt",
			);
			runOnlyForDeploymentPostprocessing = 0;
			shellPath = /bin/sh;
			shellScript = "diff \"${PODS_PODFILE_DIR_PATH}/Podfile.lock\" \"${PODS_ROOT}/Manifest.lock\" > /dev/null\nif [ $? != 0 ] ; then\n    # print error to STDERR\n    echo \"error: The sandbox is not in sync with the Podfile.lock. Run 'pod install' or update your CocoaPods installation.\" >&2\n    exit 1\nfi\n# This output is used by Xcode 'outputs' to avoid re-running this script phase.\necho \"SUCCESS\" > \"${SCRIPT_OUTPUT_FILE_0}\"\n";
			showEnvVarsInLog = 0;
		};
/* End PBXShellScriptBuildPhase section */

/* Begin PBXSourcesBuildPhase section */
		80278494240EC76000AFD8E8 /* Sources */ = {
			isa = PBXSourcesBuildPhase;
			buildActionMask = 2147483647;
			files = (
				80F7A1D924213B6400061ED0 /* AddEntryView.swift in Sources */,
				804BC0F32427B89C004ED836 /* WorkoutModels.swift in Sources */,
				801F887C243A246B0080CEA2 /* WeightListView.swift in Sources */,
				3E551104244E6889002450E9 /* RKMonth.swift in Sources */,
				80CCAFE8244FA9540028D1D6 /* Loading.swift in Sources */,
				80CDF0DF24351BF3009EE05B /* WeightEntry.swift in Sources */,
				8027849C240EC76000AFD8E8 /* AppDelegate.swift in Sources */,
				3E551107244E6889002450E9 /* RKCell.swift in Sources */,
				800557CC2425579300FE11DA /* AuthView.swift in Sources */,
				3E551108244E6889002450E9 /* RKManager.swift in Sources */,
				80A7C9D42425095600C21FC6 /* LandingView.swift in Sources */,
				80C4846D2411727700BD7EAE /* LogoutView.swift in Sources */,
				8020C2B92410138A0097BD5E /* GradientButtonStyle.swift in Sources */,
				808736482416A4E000DFE94E /* SignupView.swift in Sources */,
				804BC0F12427A763004ED836 /* CalendarView.swift in Sources */,
				805382C124415D5C00F989AB /* TutorialHome.swift in Sources */,
				3E551103244E6889002450E9 /* RKDate.swift in Sources */,
				80B67F6F244754D700650AEF /* LogGraphView.swift in Sources */,
				80A082152458FE8600330AA0 /* Predictions.swift in Sources */,
				80945FC32449F88000F55562 /* TutorialData.swift in Sources */,
				80C287D124524B8C00F05C96 /* LottieViewTester.swift in Sources */,
				80B5F5AF2443790D00EE0D3D /* TutorialModel.swift in Sources */,
				3E551109244E6889002450E9 /* RKViewController.swift in Sources */,
				80DEEC91244C9EBE00B72798 /* Weekly.swift in Sources */,
				80A082162458FE8600330AA0 /* AverageWeekView.swift in Sources */,
				80945FC52449FECD00F55562 /* TutorialGifPlayer.swift in Sources */,
				80EFF112244E11FC001A70E3 /* MinuteMilePicker.swift in Sources */,
				80F7A1DB24213F5000061ED0 /* LoggingHomeView.swift in Sources */,
				80A082172458FE8600330AA0 /* PredictionDayView.swift in Sources */,
				8027849E240EC76000AFD8E8 /* SceneDelegate.swift in Sources */,
				802784C1240EE1F200AFD8E8 /* LoginView.swift in Sources */,
				801F887E243A24880080CEA2 /* CardioListView.swift in Sources */,
				3E55110D244E6990002450E9 /* CalendarDayView.swift in Sources */,
				80A082142458FE8600330AA0 /* PredictionView.swift in Sources */,
				80A7AEE4244B555D009D6BFF /* SearchBar.swift in Sources */,
				8020C2BD241023C00097BD5E /* CustomTextEntry.swift in Sources */,
				80D937F12433909400006E8B /* CardioEntry.swift in Sources */,
				3E551105244E6889002450E9 /* RKColorSettings.swift in Sources */,
				80E76F8524520A3E009052A9 /* LottieView.swift in Sources */,
				80DEEC8A244C901E00B72798 /* Totals.swift in Sources */,
				8083E7CB2436239200837D3F /* SetEntry.swift in Sources */,
				8058CE14241D27D600559552 /* SplashView.swift in Sources */,
				8028D50D24315BAF00CF050B /* NumericTextField.swift in Sources */,
				3E551106244E6889002450E9 /* RKWeekdayHeader.swift in Sources */,
				3E55110C244E6990002450E9 /* CalendarModels.swift in Sources */,
				80A082182458FE8600330AA0 /* AverageDayView.swift in Sources */,
				807AD2AB24291FE200861B8C /* UserSession.swift in Sources */,
				80DEEC8C244C91A600B72798 /* GridCell.swift in Sources */,
			);
			runOnlyForDeploymentPostprocessing = 0;
		};
		802784AA240EC76500AFD8E8 /* Sources */ = {
			isa = PBXSourcesBuildPhase;
			buildActionMask = 2147483647;
			files = (
				802784B3240EC76500AFD8E8 /* McGoMasTests.swift in Sources */,
			);
			runOnlyForDeploymentPostprocessing = 0;
		};
/* End PBXSourcesBuildPhase section */

/* Begin PBXTargetDependency section */
		802784B0240EC76500AFD8E8 /* PBXTargetDependency */ = {
			isa = PBXTargetDependency;
			target = 80278497240EC76000AFD8E8 /* McGoMas */;
			targetProxy = 802784AF240EC76500AFD8E8 /* PBXContainerItemProxy */;
		};
/* End PBXTargetDependency section */

/* Begin PBXVariantGroup section */
		802784A6240EC76500AFD8E8 /* LaunchScreen.storyboard */ = {
			isa = PBXVariantGroup;
			children = (
				802784A7240EC76500AFD8E8 /* Base */,
			);
			name = LaunchScreen.storyboard;
			sourceTree = "<group>";
		};
/* End PBXVariantGroup section */

/* Begin XCBuildConfiguration section */
		802784B5240EC76500AFD8E8 /* Debug */ = {
			isa = XCBuildConfiguration;
			buildSettings = {
				ALWAYS_SEARCH_USER_PATHS = NO;
				CLANG_ANALYZER_NONNULL = YES;
				CLANG_ANALYZER_NUMBER_OBJECT_CONVERSION = YES_AGGRESSIVE;
				CLANG_CXX_LANGUAGE_STANDARD = "gnu++14";
				CLANG_CXX_LIBRARY = "libc++";
				CLANG_ENABLE_MODULES = YES;
				CLANG_ENABLE_OBJC_ARC = YES;
				CLANG_ENABLE_OBJC_WEAK = YES;
				CLANG_WARN_BLOCK_CAPTURE_AUTORELEASING = YES;
				CLANG_WARN_BOOL_CONVERSION = YES;
				CLANG_WARN_COMMA = YES;
				CLANG_WARN_CONSTANT_CONVERSION = YES;
				CLANG_WARN_DEPRECATED_OBJC_IMPLEMENTATIONS = YES;
				CLANG_WARN_DIRECT_OBJC_ISA_USAGE = YES_ERROR;
				CLANG_WARN_DOCUMENTATION_COMMENTS = YES;
				CLANG_WARN_EMPTY_BODY = YES;
				CLANG_WARN_ENUM_CONVERSION = YES;
				CLANG_WARN_INFINITE_RECURSION = YES;
				CLANG_WARN_INT_CONVERSION = YES;
				CLANG_WARN_NON_LITERAL_NULL_CONVERSION = YES;
				CLANG_WARN_OBJC_IMPLICIT_RETAIN_SELF = YES;
				CLANG_WARN_OBJC_LITERAL_CONVERSION = YES;
				CLANG_WARN_OBJC_ROOT_CLASS = YES_ERROR;
				CLANG_WARN_RANGE_LOOP_ANALYSIS = YES;
				CLANG_WARN_STRICT_PROTOTYPES = YES;
				CLANG_WARN_SUSPICIOUS_MOVE = YES;
				CLANG_WARN_UNGUARDED_AVAILABILITY = YES_AGGRESSIVE;
				CLANG_WARN_UNREACHABLE_CODE = YES;
				CLANG_WARN__DUPLICATE_METHOD_MATCH = YES;
				COPY_PHASE_STRIP = NO;
				DEBUG_INFORMATION_FORMAT = dwarf;
				ENABLE_STRICT_OBJC_MSGSEND = YES;
				ENABLE_TESTABILITY = YES;
				GCC_C_LANGUAGE_STANDARD = gnu11;
				GCC_DYNAMIC_NO_PIC = NO;
				GCC_NO_COMMON_BLOCKS = YES;
				GCC_OPTIMIZATION_LEVEL = 0;
				GCC_PREPROCESSOR_DEFINITIONS = (
					"DEBUG=1",
					"$(inherited)",
				);
				GCC_WARN_64_TO_32_BIT_CONVERSION = YES;
				GCC_WARN_ABOUT_RETURN_TYPE = YES_ERROR;
				GCC_WARN_UNDECLARED_SELECTOR = YES;
				GCC_WARN_UNINITIALIZED_AUTOS = YES_AGGRESSIVE;
				GCC_WARN_UNUSED_FUNCTION = YES;
				GCC_WARN_UNUSED_VARIABLE = YES;
				IPHONEOS_DEPLOYMENT_TARGET = 13.2;
				MTL_ENABLE_DEBUG_INFO = INCLUDE_SOURCE;
				MTL_FAST_MATH = YES;
				ONLY_ACTIVE_ARCH = YES;
				SDKROOT = iphoneos;
				SWIFT_ACTIVE_COMPILATION_CONDITIONS = DEBUG;
				SWIFT_OPTIMIZATION_LEVEL = "-Onone";
			};
			name = Debug;
		};
		802784B6240EC76500AFD8E8 /* Release */ = {
			isa = XCBuildConfiguration;
			buildSettings = {
				ALWAYS_SEARCH_USER_PATHS = NO;
				CLANG_ANALYZER_NONNULL = YES;
				CLANG_ANALYZER_NUMBER_OBJECT_CONVERSION = YES_AGGRESSIVE;
				CLANG_CXX_LANGUAGE_STANDARD = "gnu++14";
				CLANG_CXX_LIBRARY = "libc++";
				CLANG_ENABLE_MODULES = YES;
				CLANG_ENABLE_OBJC_ARC = YES;
				CLANG_ENABLE_OBJC_WEAK = YES;
				CLANG_WARN_BLOCK_CAPTURE_AUTORELEASING = YES;
				CLANG_WARN_BOOL_CONVERSION = YES;
				CLANG_WARN_COMMA = YES;
				CLANG_WARN_CONSTANT_CONVERSION = YES;
				CLANG_WARN_DEPRECATED_OBJC_IMPLEMENTATIONS = YES;
				CLANG_WARN_DIRECT_OBJC_ISA_USAGE = YES_ERROR;
				CLANG_WARN_DOCUMENTATION_COMMENTS = YES;
				CLANG_WARN_EMPTY_BODY = YES;
				CLANG_WARN_ENUM_CONVERSION = YES;
				CLANG_WARN_INFINITE_RECURSION = YES;
				CLANG_WARN_INT_CONVERSION = YES;
				CLANG_WARN_NON_LITERAL_NULL_CONVERSION = YES;
				CLANG_WARN_OBJC_IMPLICIT_RETAIN_SELF = YES;
				CLANG_WARN_OBJC_LITERAL_CONVERSION = YES;
				CLANG_WARN_OBJC_ROOT_CLASS = YES_ERROR;
				CLANG_WARN_RANGE_LOOP_ANALYSIS = YES;
				CLANG_WARN_STRICT_PROTOTYPES = YES;
				CLANG_WARN_SUSPICIOUS_MOVE = YES;
				CLANG_WARN_UNGUARDED_AVAILABILITY = YES_AGGRESSIVE;
				CLANG_WARN_UNREACHABLE_CODE = YES;
				CLANG_WARN__DUPLICATE_METHOD_MATCH = YES;
				COPY_PHASE_STRIP = NO;
				DEBUG_INFORMATION_FORMAT = "dwarf-with-dsym";
				ENABLE_NS_ASSERTIONS = NO;
				ENABLE_STRICT_OBJC_MSGSEND = YES;
				GCC_C_LANGUAGE_STANDARD = gnu11;
				GCC_NO_COMMON_BLOCKS = YES;
				GCC_WARN_64_TO_32_BIT_CONVERSION = YES;
				GCC_WARN_ABOUT_RETURN_TYPE = YES_ERROR;
				GCC_WARN_UNDECLARED_SELECTOR = YES;
				GCC_WARN_UNINITIALIZED_AUTOS = YES_AGGRESSIVE;
				GCC_WARN_UNUSED_FUNCTION = YES;
				GCC_WARN_UNUSED_VARIABLE = YES;
				IPHONEOS_DEPLOYMENT_TARGET = 13.2;
				MTL_ENABLE_DEBUG_INFO = NO;
				MTL_FAST_MATH = YES;
				SDKROOT = iphoneos;
				SWIFT_COMPILATION_MODE = wholemodule;
				SWIFT_OPTIMIZATION_LEVEL = "-O";
				VALIDATE_PRODUCT = YES;
			};
			name = Release;
		};
		802784B8240EC76500AFD8E8 /* Debug */ = {
			isa = XCBuildConfiguration;
			baseConfigurationReference = 2F019F15C6767B5E2997E499 /* Pods-McGoMas.debug.xcconfig */;
			buildSettings = {
				ASSETCATALOG_COMPILER_APPICON_NAME = AppIcon;
				CODE_SIGN_IDENTITY = "Apple Development";
				CODE_SIGN_STYLE = Automatic;
				DEVELOPMENT_ASSET_PATHS = "\"McGoMas/Preview Content\"";
				DEVELOPMENT_TEAM = 9ARNSTX6UA;
				ENABLE_PREVIEWS = YES;
				INFOPLIST_FILE = McGoMas/Info.plist;
				LD_RUNPATH_SEARCH_PATHS = (
					"$(inherited)",
					"@executable_path/Frameworks",
				);
				PRODUCT_BUNDLE_IDENTIFIER = com.Capstone.McGoMas;
				PRODUCT_NAME = "$(TARGET_NAME)";
				PROVISIONING_PROFILE_SPECIFIER = "";
				SWIFT_VERSION = 5.0;
				TARGETED_DEVICE_FAMILY = "1,2";
			};
			name = Debug;
		};
		802784B9240EC76500AFD8E8 /* Release */ = {
			isa = XCBuildConfiguration;
			baseConfigurationReference = F4297244A20D28E58E1DE2AF /* Pods-McGoMas.release.xcconfig */;
			buildSettings = {
				ASSETCATALOG_COMPILER_APPICON_NAME = AppIcon;
				CODE_SIGN_IDENTITY = "Apple Development";
				CODE_SIGN_STYLE = Automatic;
				DEVELOPMENT_ASSET_PATHS = "\"McGoMas/Preview Content\"";
				DEVELOPMENT_TEAM = 9ARNSTX6UA;
				ENABLE_PREVIEWS = YES;
				INFOPLIST_FILE = McGoMas/Info.plist;
				LD_RUNPATH_SEARCH_PATHS = (
					"$(inherited)",
					"@executable_path/Frameworks",
				);
				PRODUCT_BUNDLE_IDENTIFIER = com.Capstone.McGoMas;
				PRODUCT_NAME = "$(TARGET_NAME)";
				PROVISIONING_PROFILE_SPECIFIER = "";
				SWIFT_VERSION = 5.0;
				TARGETED_DEVICE_FAMILY = "1,2";
			};
			name = Release;
		};
		802784BB240EC76500AFD8E8 /* Debug */ = {
			isa = XCBuildConfiguration;
			baseConfigurationReference = 877F52B397EBBC911D27422B /* Pods-McGoMasTests.debug.xcconfig */;
			buildSettings = {
				ALWAYS_EMBED_SWIFT_STANDARD_LIBRARIES = YES;
				BUNDLE_LOADER = "$(TEST_HOST)";
				CODE_SIGN_STYLE = Automatic;
				INFOPLIST_FILE = McGoMasTests/Info.plist;
				IPHONEOS_DEPLOYMENT_TARGET = 13.2;
				LD_RUNPATH_SEARCH_PATHS = (
					"$(inherited)",
					"@executable_path/Frameworks",
					"@loader_path/Frameworks",
				);
				PRODUCT_BUNDLE_IDENTIFIER = com.Capstone.McGoMasTests;
				PRODUCT_NAME = "$(TARGET_NAME)";
				SWIFT_VERSION = 5.0;
				TARGETED_DEVICE_FAMILY = "1,2";
				TEST_HOST = "$(BUILT_PRODUCTS_DIR)/McGoMas.app/McGoMas";
			};
			name = Debug;
		};
		802784BC240EC76500AFD8E8 /* Release */ = {
			isa = XCBuildConfiguration;
			baseConfigurationReference = B7FFB1F9BC288D28CC0ED896 /* Pods-McGoMasTests.release.xcconfig */;
			buildSettings = {
				ALWAYS_EMBED_SWIFT_STANDARD_LIBRARIES = YES;
				BUNDLE_LOADER = "$(TEST_HOST)";
				CODE_SIGN_STYLE = Automatic;
				INFOPLIST_FILE = McGoMasTests/Info.plist;
				IPHONEOS_DEPLOYMENT_TARGET = 13.2;
				LD_RUNPATH_SEARCH_PATHS = (
					"$(inherited)",
					"@executable_path/Frameworks",
					"@loader_path/Frameworks",
				);
				PRODUCT_BUNDLE_IDENTIFIER = com.Capstone.McGoMasTests;
				PRODUCT_NAME = "$(TARGET_NAME)";
				SWIFT_VERSION = 5.0;
				TARGETED_DEVICE_FAMILY = "1,2";
				TEST_HOST = "$(BUILT_PRODUCTS_DIR)/McGoMas.app/McGoMas";
			};
			name = Release;
		};
/* End XCBuildConfiguration section */

/* Begin XCConfigurationList section */
		80278493240EC76000AFD8E8 /* Build configuration list for PBXProject "McGoMas" */ = {
			isa = XCConfigurationList;
			buildConfigurations = (
				802784B5240EC76500AFD8E8 /* Debug */,
				802784B6240EC76500AFD8E8 /* Release */,
			);
			defaultConfigurationIsVisible = 0;
			defaultConfigurationName = Release;
		};
		802784B7240EC76500AFD8E8 /* Build configuration list for PBXNativeTarget "McGoMas" */ = {
			isa = XCConfigurationList;
			buildConfigurations = (
				802784B8240EC76500AFD8E8 /* Debug */,
				802784B9240EC76500AFD8E8 /* Release */,
			);
			defaultConfigurationIsVisible = 0;
			defaultConfigurationName = Release;
		};
		802784BA240EC76500AFD8E8 /* Build configuration list for PBXNativeTarget "McGoMasTests" */ = {
			isa = XCConfigurationList;
			buildConfigurations = (
				802784BB240EC76500AFD8E8 /* Debug */,
				802784BC240EC76500AFD8E8 /* Release */,
			);
			defaultConfigurationIsVisible = 0;
			defaultConfigurationName = Release;
		};
/* End XCConfigurationList section */
	};
	rootObject = 80278490240EC76000AFD8E8 /* Project object */;
}
